// !$*UTF8*$!
{
	archiveVersion = 1;
	classes = {
	};
	objectVersion = 50;
	objects = {

/* Begin PBXBuildFile section */
		96230E0C25CF3C9F00DA9752 /* AppDelegate.swift in Sources */ = {isa = PBXBuildFile; fileRef = 96230E0B25CF3C9F00DA9752 /* AppDelegate.swift */; };
		96230E1025CF3C9F00DA9752 /* HomeController.swift in Sources */ = {isa = PBXBuildFile; fileRef = 96230E0F25CF3C9F00DA9752 /* HomeController.swift */; };
		96230E1525CF3CA100DA9752 /* Assets.xcassets in Resources */ = {isa = PBXBuildFile; fileRef = 96230E1425CF3CA100DA9752 /* Assets.xcassets */; };
		96230E1825CF3CA100DA9752 /* LaunchScreen.storyboard in Resources */ = {isa = PBXBuildFile; fileRef = 96230E1625CF3CA100DA9752 /* LaunchScreen.storyboard */; };
		96230E2325CF3CA100DA9752 /* nfnewsTests.swift in Sources */ = {isa = PBXBuildFile; fileRef = 96230E2225CF3CA100DA9752 /* nfnewsTests.swift */; };
		96230E2E25CF3CA100DA9752 /* nfnewsUITests.swift in Sources */ = {isa = PBXBuildFile; fileRef = 96230E2D25CF3CA100DA9752 /* nfnewsUITests.swift */; };
		96230E4725CF415500DA9752 /* update_build_date.sh in Resources */ = {isa = PBXBuildFile; fileRef = 96230E4525CF415500DA9752 /* update_build_date.sh */; };
		96230E4825CF415500DA9752 /* update_build_number.sh in Resources */ = {isa = PBXBuildFile; fileRef = 96230E4625CF415500DA9752 /* update_build_number.sh */; };
		96230E7E25CF458D00DA9752 /* Strings.swift in Sources */ = {isa = PBXBuildFile; fileRef = 96230E7D25CF458D00DA9752 /* Strings.swift */; };
		96230E8625CF47AC00DA9752 /* Coordinator.swift in Sources */ = {isa = PBXBuildFile; fileRef = 96230E8525CF47AC00DA9752 /* Coordinator.swift */; };
		96230E8B25CF481700DA9752 /* AppTabBarController.swift in Sources */ = {isa = PBXBuildFile; fileRef = 96230E8A25CF481700DA9752 /* AppTabBarController.swift */; };
		96230E9025CF48A200DA9752 /* FavoriteController.swift in Sources */ = {isa = PBXBuildFile; fileRef = 96230E8F25CF48A200DA9752 /* FavoriteController.swift */; };
		96230E9525CF48CC00DA9752 /* SearchController.swift in Sources */ = {isa = PBXBuildFile; fileRef = 96230E9425CF48CC00DA9752 /* SearchController.swift */; };
		96230E9A25CF48E800DA9752 /* ProfileController.swift in Sources */ = {isa = PBXBuildFile; fileRef = 96230E9925CF48E800DA9752 /* ProfileController.swift */; };
		96230E9F25CF494700DA9752 /* HomeCoordinator.swift in Sources */ = {isa = PBXBuildFile; fileRef = 96230E9E25CF494700DA9752 /* HomeCoordinator.swift */; };
		96230EAA25CF4F2200DA9752 /* Montserrat-Bold.otf in Resources */ = {isa = PBXBuildFile; fileRef = 96230EA525CF4F2200DA9752 /* Montserrat-Bold.otf */; };
		96230EAB25CF4F2200DA9752 /* Montserrat-Light.otf in Resources */ = {isa = PBXBuildFile; fileRef = 96230EA625CF4F2200DA9752 /* Montserrat-Light.otf */; };
		96230EAC25CF4F2200DA9752 /* Montserrat-Medium.otf in Resources */ = {isa = PBXBuildFile; fileRef = 96230EA725CF4F2200DA9752 /* Montserrat-Medium.otf */; };
		96230EAD25CF4F2200DA9752 /* Montserrat-Regular.otf in Resources */ = {isa = PBXBuildFile; fileRef = 96230EA825CF4F2200DA9752 /* Montserrat-Regular.otf */; };
		96230EAE25CF4F2200DA9752 /* Montserrat-ExtraBold.otf in Resources */ = {isa = PBXBuildFile; fileRef = 96230EA925CF4F2200DA9752 /* Montserrat-ExtraBold.otf */; };
		96C1E97C25D054CA00DC0033 /* NFNArticle.swift in Sources */ = {isa = PBXBuildFile; fileRef = 96C1E97B25D054CA00DC0033 /* NFNArticle.swift */; };
		96C1E98125D0555B00DC0033 /* NFNSource.swift in Sources */ = {isa = PBXBuildFile; fileRef = 96C1E98025D0555B00DC0033 /* NFNSource.swift */; };
		96C1E98625D055A300DC0033 /* NFNResponse.swift in Sources */ = {isa = PBXBuildFile; fileRef = 96C1E98525D055A300DC0033 /* NFNResponse.swift */; };
		96C1E98B25D0586500DC0033 /* HomeViewModel.swift in Sources */ = {isa = PBXBuildFile; fileRef = 96C1E98A25D0586500DC0033 /* HomeViewModel.swift */; };
		96C1E99025D05A1200DC0033 /* HomeViews.swift in Sources */ = {isa = PBXBuildFile; fileRef = 96C1E98F25D05A1200DC0033 /* HomeViews.swift */; };
		96C1E99525D05ED100DC0033 /* APIResponse.json in Resources */ = {isa = PBXBuildFile; fileRef = 96C1E99425D05ED100DC0033 /* APIResponse.json */; };
		96C1E99D25D06A3200DC0033 /* Helpers.swift in Sources */ = {isa = PBXBuildFile; fileRef = 96C1E99C25D06A3200DC0033 /* Helpers.swift */; };
		96C1E9A325D073D800DC0033 /* NewsApiService.swift in Sources */ = {isa = PBXBuildFile; fileRef = 96C1E9A225D073D800DC0033 /* NewsApiService.swift */; };
/* End PBXBuildFile section */

/* Begin PBXContainerItemProxy section */
		96230E1F25CF3CA100DA9752 /* PBXContainerItemProxy */ = {
			isa = PBXContainerItemProxy;
			containerPortal = 96230E0025CF3C9F00DA9752 /* Project object */;
			proxyType = 1;
			remoteGlobalIDString = 96230E0725CF3C9F00DA9752;
			remoteInfo = nfnews;
		};
		96230E2A25CF3CA100DA9752 /* PBXContainerItemProxy */ = {
			isa = PBXContainerItemProxy;
			containerPortal = 96230E0025CF3C9F00DA9752 /* Project object */;
			proxyType = 1;
			remoteGlobalIDString = 96230E0725CF3C9F00DA9752;
			remoteInfo = nfnews;
		};
/* End PBXContainerItemProxy section */

/* Begin PBXFileReference section */
		96230E0825CF3C9F00DA9752 /* nfnews.app */ = {isa = PBXFileReference; explicitFileType = wrapper.application; includeInIndex = 0; path = nfnews.app; sourceTree = BUILT_PRODUCTS_DIR; };
		96230E0B25CF3C9F00DA9752 /* AppDelegate.swift */ = {isa = PBXFileReference; lastKnownFileType = sourcecode.swift; path = AppDelegate.swift; sourceTree = "<group>"; };
		96230E0F25CF3C9F00DA9752 /* HomeController.swift */ = {isa = PBXFileReference; lastKnownFileType = sourcecode.swift; path = HomeController.swift; sourceTree = "<group>"; };
		96230E1425CF3CA100DA9752 /* Assets.xcassets */ = {isa = PBXFileReference; lastKnownFileType = folder.assetcatalog; path = Assets.xcassets; sourceTree = "<group>"; };
		96230E1725CF3CA100DA9752 /* Base */ = {isa = PBXFileReference; lastKnownFileType = file.storyboard; name = Base; path = Base.lproj/LaunchScreen.storyboard; sourceTree = "<group>"; };
		96230E1925CF3CA100DA9752 /* Info.plist */ = {isa = PBXFileReference; lastKnownFileType = text.plist.xml; path = Info.plist; sourceTree = "<group>"; };
		96230E1E25CF3CA100DA9752 /* nfnewsTests.xctest */ = {isa = PBXFileReference; explicitFileType = wrapper.cfbundle; includeInIndex = 0; path = nfnewsTests.xctest; sourceTree = BUILT_PRODUCTS_DIR; };
		96230E2225CF3CA100DA9752 /* nfnewsTests.swift */ = {isa = PBXFileReference; lastKnownFileType = sourcecode.swift; path = nfnewsTests.swift; sourceTree = "<group>"; };
		96230E2425CF3CA100DA9752 /* Info.plist */ = {isa = PBXFileReference; lastKnownFileType = text.plist.xml; path = Info.plist; sourceTree = "<group>"; };
		96230E2925CF3CA100DA9752 /* nfnewsUITests.xctest */ = {isa = PBXFileReference; explicitFileType = wrapper.cfbundle; includeInIndex = 0; path = nfnewsUITests.xctest; sourceTree = BUILT_PRODUCTS_DIR; };
		96230E2D25CF3CA100DA9752 /* nfnewsUITests.swift */ = {isa = PBXFileReference; lastKnownFileType = sourcecode.swift; path = nfnewsUITests.swift; sourceTree = "<group>"; };
		96230E2F25CF3CA100DA9752 /* Info.plist */ = {isa = PBXFileReference; lastKnownFileType = text.plist.xml; path = Info.plist; sourceTree = "<group>"; };
		96230E4525CF415500DA9752 /* update_build_date.sh */ = {isa = PBXFileReference; fileEncoding = 4; lastKnownFileType = text.script.sh; path = update_build_date.sh; sourceTree = "<group>"; };
		96230E4625CF415500DA9752 /* update_build_number.sh */ = {isa = PBXFileReference; fileEncoding = 4; lastKnownFileType = text.script.sh; path = update_build_number.sh; sourceTree = "<group>"; };
		96230E7D25CF458D00DA9752 /* Strings.swift */ = {isa = PBXFileReference; lastKnownFileType = sourcecode.swift; path = Strings.swift; sourceTree = "<group>"; };
		96230E8525CF47AC00DA9752 /* Coordinator.swift */ = {isa = PBXFileReference; lastKnownFileType = sourcecode.swift; path = Coordinator.swift; sourceTree = "<group>"; };
		96230E8A25CF481700DA9752 /* AppTabBarController.swift */ = {isa = PBXFileReference; lastKnownFileType = sourcecode.swift; path = AppTabBarController.swift; sourceTree = "<group>"; };
		96230E8F25CF48A200DA9752 /* FavoriteController.swift */ = {isa = PBXFileReference; lastKnownFileType = sourcecode.swift; path = FavoriteController.swift; sourceTree = "<group>"; };
		96230E9425CF48CC00DA9752 /* SearchController.swift */ = {isa = PBXFileReference; lastKnownFileType = sourcecode.swift; path = SearchController.swift; sourceTree = "<group>"; };
		96230E9925CF48E800DA9752 /* ProfileController.swift */ = {isa = PBXFileReference; lastKnownFileType = sourcecode.swift; path = ProfileController.swift; sourceTree = "<group>"; };
		96230E9E25CF494700DA9752 /* HomeCoordinator.swift */ = {isa = PBXFileReference; lastKnownFileType = sourcecode.swift; path = HomeCoordinator.swift; sourceTree = "<group>"; };
		96230EA525CF4F2200DA9752 /* Montserrat-Bold.otf */ = {isa = PBXFileReference; lastKnownFileType = file; path = "Montserrat-Bold.otf"; sourceTree = "<group>"; };
		96230EA625CF4F2200DA9752 /* Montserrat-Light.otf */ = {isa = PBXFileReference; lastKnownFileType = file; path = "Montserrat-Light.otf"; sourceTree = "<group>"; };
		96230EA725CF4F2200DA9752 /* Montserrat-Medium.otf */ = {isa = PBXFileReference; lastKnownFileType = file; path = "Montserrat-Medium.otf"; sourceTree = "<group>"; };
		96230EA825CF4F2200DA9752 /* Montserrat-Regular.otf */ = {isa = PBXFileReference; lastKnownFileType = file; path = "Montserrat-Regular.otf"; sourceTree = "<group>"; };
		96230EA925CF4F2200DA9752 /* Montserrat-ExtraBold.otf */ = {isa = PBXFileReference; lastKnownFileType = file; path = "Montserrat-ExtraBold.otf"; sourceTree = "<group>"; };
		96C1E97B25D054CA00DC0033 /* NFNArticle.swift */ = {isa = PBXFileReference; lastKnownFileType = sourcecode.swift; path = NFNArticle.swift; sourceTree = "<group>"; };
		96C1E98025D0555B00DC0033 /* NFNSource.swift */ = {isa = PBXFileReference; lastKnownFileType = sourcecode.swift; path = NFNSource.swift; sourceTree = "<group>"; };
		96C1E98525D055A300DC0033 /* NFNResponse.swift */ = {isa = PBXFileReference; lastKnownFileType = sourcecode.swift; path = NFNResponse.swift; sourceTree = "<group>"; };
		96C1E98A25D0586500DC0033 /* HomeViewModel.swift */ = {isa = PBXFileReference; lastKnownFileType = sourcecode.swift; path = HomeViewModel.swift; sourceTree = "<group>"; };
		96C1E98F25D05A1200DC0033 /* HomeViews.swift */ = {isa = PBXFileReference; lastKnownFileType = sourcecode.swift; path = HomeViews.swift; sourceTree = "<group>"; };
		96C1E99425D05ED100DC0033 /* APIResponse.json */ = {isa = PBXFileReference; lastKnownFileType = text.json; path = APIResponse.json; sourceTree = "<group>"; };
		96C1E99C25D06A3200DC0033 /* Helpers.swift */ = {isa = PBXFileReference; lastKnownFileType = sourcecode.swift; path = Helpers.swift; sourceTree = "<group>"; };
		96C1E9A225D073D800DC0033 /* NewsApiService.swift */ = {isa = PBXFileReference; lastKnownFileType = sourcecode.swift; path = NewsApiService.swift; sourceTree = "<group>"; };
/* End PBXFileReference section */

/* Begin PBXFrameworksBuildPhase section */
		96230E0525CF3C9F00DA9752 /* Frameworks */ = {
			isa = PBXFrameworksBuildPhase;
			buildActionMask = 2147483647;
			files = (
			);
			runOnlyForDeploymentPostprocessing = 0;
		};
		96230E1B25CF3CA100DA9752 /* Frameworks */ = {
			isa = PBXFrameworksBuildPhase;
			buildActionMask = 2147483647;
			files = (
			);
			runOnlyForDeploymentPostprocessing = 0;
		};
		96230E2625CF3CA100DA9752 /* Frameworks */ = {
			isa = PBXFrameworksBuildPhase;
			buildActionMask = 2147483647;
			files = (
			);
			runOnlyForDeploymentPostprocessing = 0;
		};
/* End PBXFrameworksBuildPhase section */

/* Begin PBXGroup section */
		96230DFF25CF3C9F00DA9752 = {
			isa = PBXGroup;
			children = (
				96230E0A25CF3C9F00DA9752 /* nfnews */,
				96230E4425CF415500DA9752 /* scripts */,
				96230E2125CF3CA100DA9752 /* nfnewsTests */,
				96230E2C25CF3CA100DA9752 /* nfnewsUITests */,
				96230E0925CF3C9F00DA9752 /* Products */,
			);
			sourceTree = "<group>";
		};
		96230E0925CF3C9F00DA9752 /* Products */ = {
			isa = PBXGroup;
			children = (
				96230E0825CF3C9F00DA9752 /* nfnews.app */,
				96230E1E25CF3CA100DA9752 /* nfnewsTests.xctest */,
				96230E2925CF3CA100DA9752 /* nfnewsUITests.xctest */,
			);
			name = Products;
			sourceTree = "<group>";
		};
		96230E0A25CF3C9F00DA9752 /* nfnews */ = {
			isa = PBXGroup;
			children = (
				96230E6325CF41F800DA9752 /* App */,
				96230E7225CF434600DA9752 /* Models */,
				96230E6B25CF42BA00DA9752 /* Resources */,
				96C1E9A125D073AC00DC0033 /* Service */,
			);
			path = nfnews;
			sourceTree = "<group>";
		};
		96230E2125CF3CA100DA9752 /* nfnewsTests */ = {
			isa = PBXGroup;
			children = (
				96230E2225CF3CA100DA9752 /* nfnewsTests.swift */,
				96230E2425CF3CA100DA9752 /* Info.plist */,
			);
			path = nfnewsTests;
			sourceTree = "<group>";
		};
		96230E2C25CF3CA100DA9752 /* nfnewsUITests */ = {
			isa = PBXGroup;
			children = (
				96230E2D25CF3CA100DA9752 /* nfnewsUITests.swift */,
				96230E2F25CF3CA100DA9752 /* Info.plist */,
			);
			path = nfnewsUITests;
			sourceTree = "<group>";
		};
		96230E4425CF415500DA9752 /* scripts */ = {
			isa = PBXGroup;
			children = (
				96230E4525CF415500DA9752 /* update_build_date.sh */,
				96230E4625CF415500DA9752 /* update_build_number.sh */,
			);
			path = scripts;
			sourceTree = "<group>";
		};
		96230E6325CF41F800DA9752 /* App */ = {
			isa = PBXGroup;
			children = (
				96230E0B25CF3C9F00DA9752 /* AppDelegate.swift */,
				96230E8A25CF481700DA9752 /* AppTabBarController.swift */,
				96230E6625CF422C00DA9752 /* Favorite */,
				96230E6425CF421300DA9752 /* Home */,
				96230E6725CF423300DA9752 /* Profile */,
				96230E6525CF422300DA9752 /* Search */,
			);
			path = App;
			sourceTree = "<group>";
		};
		96230E6425CF421300DA9752 /* Home */ = {
			isa = PBXGroup;
			children = (
				96230E0F25CF3C9F00DA9752 /* HomeController.swift */,
				96230E9E25CF494700DA9752 /* HomeCoordinator.swift */,
				96C1E98F25D05A1200DC0033 /* HomeViews.swift */,
				96C1E98A25D0586500DC0033 /* HomeViewModel.swift */,
			);
			path = Home;
			sourceTree = "<group>";
		};
		96230E6525CF422300DA9752 /* Search */ = {
			isa = PBXGroup;
			children = (
				96230E9425CF48CC00DA9752 /* SearchController.swift */,
			);
			path = Search;
			sourceTree = "<group>";
		};
		96230E6625CF422C00DA9752 /* Favorite */ = {
			isa = PBXGroup;
			children = (
				96230E8F25CF48A200DA9752 /* FavoriteController.swift */,
			);
			path = Favorite;
			sourceTree = "<group>";
		};
		96230E6725CF423300DA9752 /* Profile */ = {
			isa = PBXGroup;
			children = (
				96230E9925CF48E800DA9752 /* ProfileController.swift */,
			);
			path = Profile;
			sourceTree = "<group>";
		};
		96230E6B25CF42BA00DA9752 /* Resources */ = {
			isa = PBXGroup;
			children = (
				96C1E99425D05ED100DC0033 /* APIResponse.json */,
				96230E1425CF3CA100DA9752 /* Assets.xcassets */,
				96230E1925CF3CA100DA9752 /* Info.plist */,
				96230E1625CF3CA100DA9752 /* LaunchScreen.storyboard */,
				96230EA325CF4F1200DA9752 /* Fonts */,
				96230E7325CF43A300DA9752 /* Utils */,
			);
			path = Resources;
			sourceTree = "<group>";
		};
		96230E7225CF434600DA9752 /* Models */ = {
			isa = PBXGroup;
			children = (
				96230E8525CF47AC00DA9752 /* Coordinator.swift */,
				96C1E97B25D054CA00DC0033 /* NFNArticle.swift */,
				96C1E98525D055A300DC0033 /* NFNResponse.swift */,
				96C1E98025D0555B00DC0033 /* NFNSource.swift */,
			);
			path = Models;
			sourceTree = "<group>";
		};
		96230E7325CF43A300DA9752 /* Utils */ = {
			isa = PBXGroup;
			children = (
				96C1E99C25D06A3200DC0033 /* Helpers.swift */,
				96230E7D25CF458D00DA9752 /* Strings.swift */,
			);
			path = Utils;
			sourceTree = "<group>";
		};
		96230EA325CF4F1200DA9752 /* Fonts */ = {
			isa = PBXGroup;
			children = (
				96230EA425CF4F2200DA9752 /* Montserrat */,
			);
			path = Fonts;
			sourceTree = "<group>";
		};
		96230EA425CF4F2200DA9752 /* Montserrat */ = {
			isa = PBXGroup;
			children = (
				96230EA525CF4F2200DA9752 /* Montserrat-Bold.otf */,
				96230EA625CF4F2200DA9752 /* Montserrat-Light.otf */,
				96230EA725CF4F2200DA9752 /* Montserrat-Medium.otf */,
				96230EA825CF4F2200DA9752 /* Montserrat-Regular.otf */,
				96230EA925CF4F2200DA9752 /* Montserrat-ExtraBold.otf */,
			);
			path = Montserrat;
			sourceTree = "<group>";
		};
		96C1E9A125D073AC00DC0033 /* Service */ = {
			isa = PBXGroup;
			children = (
				96C1E9A225D073D800DC0033 /* NewsApiService.swift */,
			);
			path = Service;
			sourceTree = "<group>";
		};
/* End PBXGroup section */

/* Begin PBXNativeTarget section */
		96230E0725CF3C9F00DA9752 /* nfnews */ = {
			isa = PBXNativeTarget;
			buildConfigurationList = 96230E3225CF3CA100DA9752 /* Build configuration list for PBXNativeTarget "nfnews" */;
			buildPhases = (
				96230E0425CF3C9F00DA9752 /* Sources */,
				96230E0525CF3C9F00DA9752 /* Frameworks */,
				96230E0625CF3C9F00DA9752 /* Resources */,
				96230E5F25CF419C00DA9752 /* ShellScript */,
			);
			buildRules = (
			);
			dependencies = (
			);
			name = nfnews;
			productName = nfnews;
			productReference = 96230E0825CF3C9F00DA9752 /* nfnews.app */;
			productType = "com.apple.product-type.application";
		};
		96230E1D25CF3CA100DA9752 /* nfnewsTests */ = {
			isa = PBXNativeTarget;
			buildConfigurationList = 96230E3525CF3CA100DA9752 /* Build configuration list for PBXNativeTarget "nfnewsTests" */;
			buildPhases = (
				96230E1A25CF3CA100DA9752 /* Sources */,
				96230E1B25CF3CA100DA9752 /* Frameworks */,
				96230E1C25CF3CA100DA9752 /* Resources */,
			);
			buildRules = (
			);
			dependencies = (
				96230E2025CF3CA100DA9752 /* PBXTargetDependency */,
			);
			name = nfnewsTests;
			productName = nfnewsTests;
			productReference = 96230E1E25CF3CA100DA9752 /* nfnewsTests.xctest */;
			productType = "com.apple.product-type.bundle.unit-test";
		};
		96230E2825CF3CA100DA9752 /* nfnewsUITests */ = {
			isa = PBXNativeTarget;
			buildConfigurationList = 96230E3825CF3CA100DA9752 /* Build configuration list for PBXNativeTarget "nfnewsUITests" */;
			buildPhases = (
				96230E2525CF3CA100DA9752 /* Sources */,
				96230E2625CF3CA100DA9752 /* Frameworks */,
				96230E2725CF3CA100DA9752 /* Resources */,
			);
			buildRules = (
			);
			dependencies = (
				96230E2B25CF3CA100DA9752 /* PBXTargetDependency */,
			);
			name = nfnewsUITests;
			productName = nfnewsUITests;
			productReference = 96230E2925CF3CA100DA9752 /* nfnewsUITests.xctest */;
			productType = "com.apple.product-type.bundle.ui-testing";
		};
/* End PBXNativeTarget section */

/* Begin PBXProject section */
		96230E0025CF3C9F00DA9752 /* Project object */ = {
			isa = PBXProject;
			attributes = {
				LastSwiftUpdateCheck = 1220;
				LastUpgradeCheck = 1220;
				TargetAttributes = {
					96230E0725CF3C9F00DA9752 = {
						CreatedOnToolsVersion = 12.2;
					};
					96230E1D25CF3CA100DA9752 = {
						CreatedOnToolsVersion = 12.2;
						TestTargetID = 96230E0725CF3C9F00DA9752;
					};
					96230E2825CF3CA100DA9752 = {
						CreatedOnToolsVersion = 12.2;
						TestTargetID = 96230E0725CF3C9F00DA9752;
					};
				};
			};
			buildConfigurationList = 96230E0325CF3C9F00DA9752 /* Build configuration list for PBXProject "nfnews" */;
			compatibilityVersion = "Xcode 9.3";
			developmentRegion = en;
			hasScannedForEncodings = 0;
			knownRegions = (
				en,
				Base,
			);
			mainGroup = 96230DFF25CF3C9F00DA9752;
			productRefGroup = 96230E0925CF3C9F00DA9752 /* Products */;
			projectDirPath = "";
			projectRoot = "";
			targets = (
				96230E0725CF3C9F00DA9752 /* nfnews */,
				96230E1D25CF3CA100DA9752 /* nfnewsTests */,
				96230E2825CF3CA100DA9752 /* nfnewsUITests */,
			);
		};
/* End PBXProject section */

/* Begin PBXResourcesBuildPhase section */
		96230E0625CF3C9F00DA9752 /* Resources */ = {
			isa = PBXResourcesBuildPhase;
			buildActionMask = 2147483647;
			files = (
				96230EAE25CF4F2200DA9752 /* Montserrat-ExtraBold.otf in Resources */,
				96230EAA25CF4F2200DA9752 /* Montserrat-Bold.otf in Resources */,
				96230E4725CF415500DA9752 /* update_build_date.sh in Resources */,
				96C1E99525D05ED100DC0033 /* APIResponse.json in Resources */,
				96230E4825CF415500DA9752 /* update_build_number.sh in Resources */,
				96230EAD25CF4F2200DA9752 /* Montserrat-Regular.otf in Resources */,
				96230E1825CF3CA100DA9752 /* LaunchScreen.storyboard in Resources */,
				96230E1525CF3CA100DA9752 /* Assets.xcassets in Resources */,
				96230EAC25CF4F2200DA9752 /* Montserrat-Medium.otf in Resources */,
				96230EAB25CF4F2200DA9752 /* Montserrat-Light.otf in Resources */,
			);
			runOnlyForDeploymentPostprocessing = 0;
		};
		96230E1C25CF3CA100DA9752 /* Resources */ = {
			isa = PBXResourcesBuildPhase;
			buildActionMask = 2147483647;
			files = (
			);
			runOnlyForDeploymentPostprocessing = 0;
		};
		96230E2725CF3CA100DA9752 /* Resources */ = {
			isa = PBXResourcesBuildPhase;
			buildActionMask = 2147483647;
			files = (
			);
			runOnlyForDeploymentPostprocessing = 0;
		};
/* End PBXResourcesBuildPhase section */

/* Begin PBXShellScriptBuildPhase section */
		96230E5F25CF419C00DA9752 /* ShellScript */ = {
			isa = PBXShellScriptBuildPhase;
			buildActionMask = 2147483647;
			files = (
			);
			inputFileListPaths = (
			);
			inputPaths = (
			);
			outputFileListPaths = (
			);
			outputPaths = (
			);
			runOnlyForDeploymentPostprocessing = 0;
			shellPath = /bin/sh;
			shellScript = "$SRCROOT/scripts/update_build_number.sh\n$SRCROOT/scripts/update_build_date.sh\n";
		};
/* End PBXShellScriptBuildPhase section */

/* Begin PBXSourcesBuildPhase section */
		96230E0425CF3C9F00DA9752 /* Sources */ = {
			isa = PBXSourcesBuildPhase;
			buildActionMask = 2147483647;
			files = (
				96C1E98125D0555B00DC0033 /* NFNSource.swift in Sources */,
				96230E8625CF47AC00DA9752 /* Coordinator.swift in Sources */,
				96230E9025CF48A200DA9752 /* FavoriteController.swift in Sources */,
				96230E9F25CF494700DA9752 /* HomeCoordinator.swift in Sources */,
				96230E1025CF3C9F00DA9752 /* HomeController.swift in Sources */,
				96230E9525CF48CC00DA9752 /* SearchController.swift in Sources */,
				96230E7E25CF458D00DA9752 /* Strings.swift in Sources */,
				96C1E9A325D073D800DC0033 /* NewsApiService.swift in Sources */,
				96C1E99025D05A1200DC0033 /* HomeViews.swift in Sources */,
				96230E8B25CF481700DA9752 /* AppTabBarController.swift in Sources */,
				96C1E98B25D0586500DC0033 /* HomeViewModel.swift in Sources */,
				96C1E98625D055A300DC0033 /* NFNResponse.swift in Sources */,
				96230E0C25CF3C9F00DA9752 /* AppDelegate.swift in Sources */,
				96230E9A25CF48E800DA9752 /* ProfileController.swift in Sources */,
				96C1E99D25D06A3200DC0033 /* Helpers.swift in Sources */,
				96C1E97C25D054CA00DC0033 /* NFNArticle.swift in Sources */,
			);
			runOnlyForDeploymentPostprocessing = 0;
		};
		96230E1A25CF3CA100DA9752 /* Sources */ = {
			isa = PBXSourcesBuildPhase;
			buildActionMask = 2147483647;
			files = (
				96230E2325CF3CA100DA9752 /* nfnewsTests.swift in Sources */,
			);
			runOnlyForDeploymentPostprocessing = 0;
		};
		96230E2525CF3CA100DA9752 /* Sources */ = {
			isa = PBXSourcesBuildPhase;
			buildActionMask = 2147483647;
			files = (
				96230E2E25CF3CA100DA9752 /* nfnewsUITests.swift in Sources */,
			);
			runOnlyForDeploymentPostprocessing = 0;
		};
/* End PBXSourcesBuildPhase section */

/* Begin PBXTargetDependency section */
		96230E2025CF3CA100DA9752 /* PBXTargetDependency */ = {
			isa = PBXTargetDependency;
			target = 96230E0725CF3C9F00DA9752 /* nfnews */;
			targetProxy = 96230E1F25CF3CA100DA9752 /* PBXContainerItemProxy */;
		};
		96230E2B25CF3CA100DA9752 /* PBXTargetDependency */ = {
			isa = PBXTargetDependency;
			target = 96230E0725CF3C9F00DA9752 /* nfnews */;
			targetProxy = 96230E2A25CF3CA100DA9752 /* PBXContainerItemProxy */;
		};
/* End PBXTargetDependency section */

/* Begin PBXVariantGroup section */
		96230E1625CF3CA100DA9752 /* LaunchScreen.storyboard */ = {
			isa = PBXVariantGroup;
			children = (
				96230E1725CF3CA100DA9752 /* Base */,
			);
			name = LaunchScreen.storyboard;
			sourceTree = "<group>";
		};
/* End PBXVariantGroup section */

/* Begin XCBuildConfiguration section */
		96230E3025CF3CA100DA9752 /* Debug */ = {
			isa = XCBuildConfiguration;
			buildSettings = {
				ALWAYS_SEARCH_USER_PATHS = NO;
				CLANG_ANALYZER_NONNULL = YES;
				CLANG_ANALYZER_NUMBER_OBJECT_CONVERSION = YES_AGGRESSIVE;
				CLANG_CXX_LANGUAGE_STANDARD = "gnu++14";
				CLANG_CXX_LIBRARY = "libc++";
				CLANG_ENABLE_MODULES = YES;
				CLANG_ENABLE_OBJC_ARC = YES;
				CLANG_ENABLE_OBJC_WEAK = YES;
				CLANG_WARN_BLOCK_CAPTURE_AUTORELEASING = YES;
				CLANG_WARN_BOOL_CONVERSION = YES;
				CLANG_WARN_COMMA = YES;
				CLANG_WARN_CONSTANT_CONVERSION = YES;
				CLANG_WARN_DEPRECATED_OBJC_IMPLEMENTATIONS = YES;
				CLANG_WARN_DIRECT_OBJC_ISA_USAGE = YES_ERROR;
				CLANG_WARN_DOCUMENTATION_COMMENTS = YES;
				CLANG_WARN_EMPTY_BODY = YES;
				CLANG_WARN_ENUM_CONVERSION = YES;
				CLANG_WARN_INFINITE_RECURSION = YES;
				CLANG_WARN_INT_CONVERSION = YES;
				CLANG_WARN_NON_LITERAL_NULL_CONVERSION = YES;
				CLANG_WARN_OBJC_IMPLICIT_RETAIN_SELF = YES;
				CLANG_WARN_OBJC_LITERAL_CONVERSION = YES;
				CLANG_WARN_OBJC_ROOT_CLASS = YES_ERROR;
				CLANG_WARN_QUOTED_INCLUDE_IN_FRAMEWORK_HEADER = YES;
				CLANG_WARN_RANGE_LOOP_ANALYSIS = YES;
				CLANG_WARN_STRICT_PROTOTYPES = YES;
				CLANG_WARN_SUSPICIOUS_MOVE = YES;
				CLANG_WARN_UNGUARDED_AVAILABILITY = YES_AGGRESSIVE;
				CLANG_WARN_UNREACHABLE_CODE = YES;
				CLANG_WARN__DUPLICATE_METHOD_MATCH = YES;
				COPY_PHASE_STRIP = NO;
				DEBUG_INFORMATION_FORMAT = dwarf;
				ENABLE_STRICT_OBJC_MSGSEND = YES;
				ENABLE_TESTABILITY = YES;
				GCC_C_LANGUAGE_STANDARD = gnu11;
				GCC_DYNAMIC_NO_PIC = NO;
				GCC_NO_COMMON_BLOCKS = YES;
				GCC_OPTIMIZATION_LEVEL = 0;
				GCC_PREPROCESSOR_DEFINITIONS = (
					"DEBUG=1",
					"$(inherited)",
				);
				GCC_WARN_64_TO_32_BIT_CONVERSION = YES;
				GCC_WARN_ABOUT_RETURN_TYPE = YES_ERROR;
				GCC_WARN_UNDECLARED_SELECTOR = YES;
				GCC_WARN_UNINITIALIZED_AUTOS = YES_AGGRESSIVE;
				GCC_WARN_UNUSED_FUNCTION = YES;
				GCC_WARN_UNUSED_VARIABLE = YES;
				IPHONEOS_DEPLOYMENT_TARGET = 14.2;
				MTL_ENABLE_DEBUG_INFO = INCLUDE_SOURCE;
				MTL_FAST_MATH = YES;
				ONLY_ACTIVE_ARCH = YES;
				SDKROOT = iphoneos;
				SWIFT_ACTIVE_COMPILATION_CONDITIONS = DEBUG;
				SWIFT_OPTIMIZATION_LEVEL = "-Onone";
			};
			name = Debug;
		};
		96230E3125CF3CA100DA9752 /* Release */ = {
			isa = XCBuildConfiguration;
			buildSettings = {
				ALWAYS_SEARCH_USER_PATHS = NO;
				CLANG_ANALYZER_NONNULL = YES;
				CLANG_ANALYZER_NUMBER_OBJECT_CONVERSION = YES_AGGRESSIVE;
				CLANG_CXX_LANGUAGE_STANDARD = "gnu++14";
				CLANG_CXX_LIBRARY = "libc++";
				CLANG_ENABLE_MODULES = YES;
				CLANG_ENABLE_OBJC_ARC = YES;
				CLANG_ENABLE_OBJC_WEAK = YES;
				CLANG_WARN_BLOCK_CAPTURE_AUTORELEASING = YES;
				CLANG_WARN_BOOL_CONVERSION = YES;
				CLANG_WARN_COMMA = YES;
				CLANG_WARN_CONSTANT_CONVERSION = YES;
				CLANG_WARN_DEPRECATED_OBJC_IMPLEMENTATIONS = YES;
				CLANG_WARN_DIRECT_OBJC_ISA_USAGE = YES_ERROR;
				CLANG_WARN_DOCUMENTATION_COMMENTS = YES;
				CLANG_WARN_EMPTY_BODY = YES;
				CLANG_WARN_ENUM_CONVERSION = YES;
				CLANG_WARN_INFINITE_RECURSION = YES;
				CLANG_WARN_INT_CONVERSION = YES;
				CLANG_WARN_NON_LITERAL_NULL_CONVERSION = YES;
				CLANG_WARN_OBJC_IMPLICIT_RETAIN_SELF = YES;
				CLANG_WARN_OBJC_LITERAL_CONVERSION = YES;
				CLANG_WARN_OBJC_ROOT_CLASS = YES_ERROR;
				CLANG_WARN_QUOTED_INCLUDE_IN_FRAMEWORK_HEADER = YES;
				CLANG_WARN_RANGE_LOOP_ANALYSIS = YES;
				CLANG_WARN_STRICT_PROTOTYPES = YES;
				CLANG_WARN_SUSPICIOUS_MOVE = YES;
				CLANG_WARN_UNGUARDED_AVAILABILITY = YES_AGGRESSIVE;
				CLANG_WARN_UNREACHABLE_CODE = YES;
				CLANG_WARN__DUPLICATE_METHOD_MATCH = YES;
				COPY_PHASE_STRIP = NO;
				DEBUG_INFORMATION_FORMAT = "dwarf-with-dsym";
				ENABLE_NS_ASSERTIONS = NO;
				ENABLE_STRICT_OBJC_MSGSEND = YES;
				GCC_C_LANGUAGE_STANDARD = gnu11;
				GCC_NO_COMMON_BLOCKS = YES;
				GCC_WARN_64_TO_32_BIT_CONVERSION = YES;
				GCC_WARN_ABOUT_RETURN_TYPE = YES_ERROR;
				GCC_WARN_UNDECLARED_SELECTOR = YES;
				GCC_WARN_UNINITIALIZED_AUTOS = YES_AGGRESSIVE;
				GCC_WARN_UNUSED_FUNCTION = YES;
				GCC_WARN_UNUSED_VARIABLE = YES;
				IPHONEOS_DEPLOYMENT_TARGET = 14.2;
				MTL_ENABLE_DEBUG_INFO = NO;
				MTL_FAST_MATH = YES;
				SDKROOT = iphoneos;
				SWIFT_COMPILATION_MODE = wholemodule;
				SWIFT_OPTIMIZATION_LEVEL = "-O";
				VALIDATE_PRODUCT = YES;
			};
			name = Release;
		};
		96230E3325CF3CA100DA9752 /* Debug */ = {
			isa = XCBuildConfiguration;
			buildSettings = {
				ASSETCATALOG_COMPILER_APPICON_NAME = AppIcon;
				ASSETCATALOG_COMPILER_GLOBAL_ACCENT_COLOR_NAME = "";
				CODE_SIGN_STYLE = Automatic;
				DEVELOPMENT_TEAM = 567T5547D4;
				INFOPLIST_FILE = nfnews/Resources/Info.plist;
				IPHONEOS_DEPLOYMENT_TARGET = 11.0;
				LD_RUNPATH_SEARCH_PATHS = (
					"$(inherited)",
					"@executable_path/Frameworks",
				);
				PRODUCT_BUNDLE_IDENTIFIER = com.arpinoda.nfnews;
				PRODUCT_NAME = "$(TARGET_NAME)";
				SWIFT_VERSION = 5.0;
				TARGETED_DEVICE_FAMILY = 1;
			};
			name = Debug;
		};
		96230E3425CF3CA100DA9752 /* Release */ = {
			isa = XCBuildConfiguration;
			buildSettings = {
				ASSETCATALOG_COMPILER_APPICON_NAME = AppIcon;
				ASSETCATALOG_COMPILER_GLOBAL_ACCENT_COLOR_NAME = "";
				CODE_SIGN_STYLE = Automatic;
				DEVELOPMENT_TEAM = 567T5547D4;
				INFOPLIST_FILE = nfnews/Resources/Info.plist;
				IPHONEOS_DEPLOYMENT_TARGET = 11.0;
				LD_RUNPATH_SEARCH_PATHS = (
					"$(inherited)",
					"@executable_path/Frameworks",
				);
				PRODUCT_BUNDLE_IDENTIFIER = com.arpinoda.nfnews;
				PRODUCT_NAME = "$(TARGET_NAME)";
				SWIFT_VERSION = 5.0;
				TARGETED_DEVICE_FAMILY = 1;
			};
			name = Release;
		};
		96230E3625CF3CA100DA9752 /* Debug */ = {
			isa = XCBuildConfiguration;
			buildSettings = {
				ALWAYS_EMBED_SWIFT_STANDARD_LIBRARIES = YES;
				BUNDLE_LOADER = "$(TEST_HOST)";
				CODE_SIGN_STYLE = Automatic;
				DEVELOPMENT_TEAM = 567T5547D4;
				INFOPLIST_FILE = nfnewsTests/Info.plist;
				IPHONEOS_DEPLOYMENT_TARGET = 14.2;
				LD_RUNPATH_SEARCH_PATHS = (
					"$(inherited)",
					"@executable_path/Frameworks",
					"@loader_path/Frameworks",
				);
				PRODUCT_BUNDLE_IDENTIFIER = com.arpinoda.nfnewsTests;
				PRODUCT_NAME = "$(TARGET_NAME)";
				SWIFT_VERSION = 5.0;
				TARGETED_DEVICE_FAMILY = "1,2";
				TEST_HOST = "$(BUILT_PRODUCTS_DIR)/nfnews.app/nfnews";
			};
			name = Debug;
		};
		96230E3725CF3CA100DA9752 /* Release */ = {
			isa = XCBuildConfiguration;
			buildSettings = {
				ALWAYS_EMBED_SWIFT_STANDARD_LIBRARIES = YES;
				BUNDLE_LOADER = "$(TEST_HOST)";
				CODE_SIGN_STYLE = Automatic;
				DEVELOPMENT_TEAM = 567T5547D4;
				INFOPLIST_FILE = nfnewsTests/Info.plist;
				IPHONEOS_DEPLOYMENT_TARGET = 14.2;
				LD_RUNPATH_SEARCH_PATHS = (
					"$(inherited)",
					"@executable_path/Frameworks",
					"@loader_path/Frameworks",
				);
				PRODUCT_BUNDLE_IDENTIFIER = com.arpinoda.nfnewsTests;
				PRODUCT_NAME = "$(TARGET_NAME)";
				SWIFT_VERSION = 5.0;
				TARGETED_DEVICE_FAMILY = "1,2";
				TEST_HOST = "$(BUILT_PRODUCTS_DIR)/nfnews.app/nfnews";
			};
			name = Release;
		};
		96230E3925CF3CA100DA9752 /* Debug */ = {
			isa = XCBuildConfiguration;
			buildSettings = {
				ALWAYS_EMBED_SWIFT_STANDARD_LIBRARIES = YES;
				CODE_SIGN_STYLE = Automatic;
				DEVELOPMENT_TEAM = 567T5547D4;
				INFOPLIST_FILE = nfnewsUITests/Info.plist;
				LD_RUNPATH_SEARCH_PATHS = (
					"$(inherited)",
					"@executable_path/Frameworks",
					"@loader_path/Frameworks",
				);
				PRODUCT_BUNDLE_IDENTIFIER = com.arpinoda.nfnewsUITests;
				PRODUCT_NAME = "$(TARGET_NAME)";
				SWIFT_VERSION = 5.0;
				TARGETED_DEVICE_FAMILY = "1,2";
				TEST_TARGET_NAME = nfnews;
			};
			name = Debug;
		};
		96230E3A25CF3CA100DA9752 /* Release */ = {
			isa = XCBuildConfiguration;
			buildSettings = {
				ALWAYS_EMBED_SWIFT_STANDARD_LIBRARIES = YES;
				CODE_SIGN_STYLE = Automatic;
				DEVELOPMENT_TEAM = 567T5547D4;
				INFOPLIST_FILE = nfnewsUITests/Info.plist;
				LD_RUNPATH_SEARCH_PATHS = (
					"$(inherited)",
					"@executable_path/Frameworks",
					"@loader_path/Frameworks",
				);
				PRODUCT_BUNDLE_IDENTIFIER = com.arpinoda.nfnewsUITests;
				PRODUCT_NAME = "$(TARGET_NAME)";
				SWIFT_VERSION = 5.0;
				TARGETED_DEVICE_FAMILY = "1,2";
				TEST_TARGET_NAME = nfnews;
			};
			name = Release;
		};
/* End XCBuildConfiguration section */

/* Begin XCConfigurationList section */
		96230E0325CF3C9F00DA9752 /* Build configuration list for PBXProject "nfnews" */ = {
			isa = XCConfigurationList;
			buildConfigurations = (
				96230E3025CF3CA100DA9752 /* Debug */,
				96230E3125CF3CA100DA9752 /* Release */,
			);
			defaultConfigurationIsVisible = 0;
			defaultConfigurationName = Release;
		};
		96230E3225CF3CA100DA9752 /* Build configuration list for PBXNativeTarget "nfnews" */ = {
			isa = XCConfigurationList;
			buildConfigurations = (
				96230E3325CF3CA100DA9752 /* Debug */,
				96230E3425CF3CA100DA9752 /* Release */,
			);
			defaultConfigurationIsVisible = 0;
			defaultConfigurationName = Release;
		};
		96230E3525CF3CA100DA9752 /* Build configuration list for PBXNativeTarget "nfnewsTests" */ = {
			isa = XCConfigurationList;
			buildConfigurations = (
				96230E3625CF3CA100DA9752 /* Debug */,
				96230E3725CF3CA100DA9752 /* Release */,
			);
			defaultConfigurationIsVisible = 0;
			defaultConfigurationName = Release;
		};
		96230E3825CF3CA100DA9752 /* Build configuration list for PBXNativeTarget "nfnewsUITests" */ = {
			isa = XCConfigurationList;
			buildConfigurations = (
				96230E3925CF3CA100DA9752 /* Debug */,
				96230E3A25CF3CA100DA9752 /* Release */,
			);
			defaultConfigurationIsVisible = 0;
			defaultConfigurationName = Release;
		};
/* End XCConfigurationList section */
	};
	rootObject = 96230E0025CF3C9F00DA9752 /* Project object */;
}
