// !$*UTF8*$!
{
	archiveVersion = 1;
	classes = {
	};
	objectVersion = 50;
	objects = {

/* Begin PBXBuildFile section */
		96230E0C25CF3C9F00DA9752 /* AppDelegate.swift in Sources */ = {isa = PBXBuildFile; fileRef = 96230E0B25CF3C9F00DA9752 /* AppDelegate.swift */; };
		96230E1525CF3CA100DA9752 /* Assets.xcassets in Resources */ = {isa = PBXBuildFile; fileRef = 96230E1425CF3CA100DA9752 /* Assets.xcassets */; };
		96230E1825CF3CA100DA9752 /* LaunchScreen.storyboard in Resources */ = {isa = PBXBuildFile; fileRef = 96230E1625CF3CA100DA9752 /* LaunchScreen.storyboard */; };
		96230E2E25CF3CA100DA9752 /* nfnewsUITests.swift in Sources */ = {isa = PBXBuildFile; fileRef = 96230E2D25CF3CA100DA9752 /* nfnewsUITests.swift */; };
		96230E4725CF415500DA9752 /* update_build_date.sh in Resources */ = {isa = PBXBuildFile; fileRef = 96230E4525CF415500DA9752 /* update_build_date.sh */; };
		96230E4825CF415500DA9752 /* update_build_number.sh in Resources */ = {isa = PBXBuildFile; fileRef = 96230E4625CF415500DA9752 /* update_build_number.sh */; };
		96230E7E25CF458D00DA9752 /* Strings.swift in Sources */ = {isa = PBXBuildFile; fileRef = 96230E7D25CF458D00DA9752 /* Strings.swift */; };
		96230E8B25CF481700DA9752 /* AppTabBarController.swift in Sources */ = {isa = PBXBuildFile; fileRef = 96230E8A25CF481700DA9752 /* AppTabBarController.swift */; };
		96230EAA25CF4F2200DA9752 /* Montserrat-Bold.otf in Resources */ = {isa = PBXBuildFile; fileRef = 96230EA525CF4F2200DA9752 /* Montserrat-Bold.otf */; };
		96230EAB25CF4F2200DA9752 /* Montserrat-Light.otf in Resources */ = {isa = PBXBuildFile; fileRef = 96230EA625CF4F2200DA9752 /* Montserrat-Light.otf */; };
		96230EAC25CF4F2200DA9752 /* Montserrat-Medium.otf in Resources */ = {isa = PBXBuildFile; fileRef = 96230EA725CF4F2200DA9752 /* Montserrat-Medium.otf */; };
		96230EAD25CF4F2200DA9752 /* Montserrat-Regular.otf in Resources */ = {isa = PBXBuildFile; fileRef = 96230EA825CF4F2200DA9752 /* Montserrat-Regular.otf */; };
		96230EAE25CF4F2200DA9752 /* Montserrat-ExtraBold.otf in Resources */ = {isa = PBXBuildFile; fileRef = 96230EA925CF4F2200DA9752 /* Montserrat-ExtraBold.otf */; };
		96C1E97C25D054CA00DC0033 /* NewsApiArticle.swift in Sources */ = {isa = PBXBuildFile; fileRef = 96C1E97B25D054CA00DC0033 /* NewsApiArticle.swift */; };
		96C1E98125D0555B00DC0033 /* NewsApiSource.swift in Sources */ = {isa = PBXBuildFile; fileRef = 96C1E98025D0555B00DC0033 /* NewsApiSource.swift */; };
		96C1E98625D055A300DC0033 /* NewsApiResponse.swift in Sources */ = {isa = PBXBuildFile; fileRef = 96C1E98525D055A300DC0033 /* NewsApiResponse.swift */; };
		96C1E99525D05ED100DC0033 /* APIResponse.json in Resources */ = {isa = PBXBuildFile; fileRef = 96C1E99425D05ED100DC0033 /* APIResponse.json */; };
		96C1E99D25D06A3200DC0033 /* Helpers.swift in Sources */ = {isa = PBXBuildFile; fileRef = 96C1E99C25D06A3200DC0033 /* Helpers.swift */; };
		96C1E9AB25D0B60000DC0033 /* FontManager.swift in Sources */ = {isa = PBXBuildFile; fileRef = 96C1E9AA25D0B60000DC0033 /* FontManager.swift */; };
		96C1E9B325D19D6400DC0033 /* Theme.swift in Sources */ = {isa = PBXBuildFile; fileRef = 96C1E9B225D19D6400DC0033 /* Theme.swift */; };
		96C1E9B825D19DCF00DC0033 /* Theme+Implementation.swift in Sources */ = {isa = PBXBuildFile; fileRef = 96C1E9B725D19DCF00DC0033 /* Theme+Implementation.swift */; };
		96C1E9C025D1A45600DC0033 /* UI.swift in Sources */ = {isa = PBXBuildFile; fileRef = 96C1E9BF25D1A45600DC0033 /* UI.swift */; };
		96C1E9C525D1AAB300DC0033 /* Extensions.swift in Sources */ = {isa = PBXBuildFile; fileRef = 96C1E9C425D1AAB300DC0033 /* Extensions.swift */; };
		96C390B725DB0D830043A1AD /* NewsApiService.swift in Sources */ = {isa = PBXBuildFile; fileRef = 96C390B625DB0D830043A1AD /* NewsApiService.swift */; };
		96C390BF25DB0D920043A1AD /* ApiClient.swift in Sources */ = {isa = PBXBuildFile; fileRef = 96C390BE25DB0D920043A1AD /* ApiClient.swift */; };
		96C390D225DB0DA40043A1AD /* AppCoordinator.swift in Sources */ = {isa = PBXBuildFile; fileRef = 96C390C325DB0DA40043A1AD /* AppCoordinator.swift */; };
		96C390D325DB0DA40043A1AD /* Coordinator.swift in Sources */ = {isa = PBXBuildFile; fileRef = 96C390C425DB0DA40043A1AD /* Coordinator.swift */; };
		96C390D425DB0DA40043A1AD /* About.txt in Resources */ = {isa = PBXBuildFile; fileRef = 96C390C525DB0DA40043A1AD /* About.txt */; };
		96C390FD25DB0FFB0043A1AD /* HomeDetailViewModel.swift in Sources */ = {isa = PBXBuildFile; fileRef = 96C390F625DB0FFB0043A1AD /* HomeDetailViewModel.swift */; };
		96C390FE25DB0FFB0043A1AD /* HomeViewModel.swift in Sources */ = {isa = PBXBuildFile; fileRef = 96C390F725DB0FFB0043A1AD /* HomeViewModel.swift */; };
		96C390FF25DB0FFB0043A1AD /* HomeViewModelType.swift in Sources */ = {isa = PBXBuildFile; fileRef = 96C390F825DB0FFB0043A1AD /* HomeViewModelType.swift */; };
		96C3910025DB0FFB0043A1AD /* HomeController.swift in Sources */ = {isa = PBXBuildFile; fileRef = 96C390FA25DB0FFB0043A1AD /* HomeController.swift */; };
		96C3910125DB0FFB0043A1AD /* HomeDetailController.swift in Sources */ = {isa = PBXBuildFile; fileRef = 96C390FB25DB0FFB0043A1AD /* HomeDetailController.swift */; };
		96C3910225DB0FFB0043A1AD /* HomeCoordinator.swift in Sources */ = {isa = PBXBuildFile; fileRef = 96C390FC25DB0FFB0043A1AD /* HomeCoordinator.swift */; };
		96C3910F25DB11560043A1AD /* AppTabBar.swift in Sources */ = {isa = PBXBuildFile; fileRef = 96C3910E25DB11560043A1AD /* AppTabBar.swift */; };
		96C3911725DB11AC0043A1AD /* AppTabBarItem.swift in Sources */ = {isa = PBXBuildFile; fileRef = 96C3911625DB11AC0043A1AD /* AppTabBarItem.swift */; };
		96C3914E25DB2D290043A1AD /* HomeTableViewCell.swift in Sources */ = {isa = PBXBuildFile; fileRef = 96C3914D25DB2D290043A1AD /* HomeTableViewCell.swift */; };
		96C3916325DBFE770043A1AD /* Reachability.swift in Sources */ = {isa = PBXBuildFile; fileRef = 96C3916225DBFE770043A1AD /* Reachability.swift */; };
		96C3916B25DC11240043A1AD /* HomeCollectionViewCellViewDataType.swift in Sources */ = {isa = PBXBuildFile; fileRef = 96C3916A25DC11240043A1AD /* HomeCollectionViewCellViewDataType.swift */; };
		96C3917025DC11E70043A1AD /* HomeCollectionViewCellViewData.swift in Sources */ = {isa = PBXBuildFile; fileRef = 96C3916F25DC11E70043A1AD /* HomeCollectionViewCellViewData.swift */; };
		96C3917E25DC131C0043A1AD /* HomeTableViewCellViewData.swift in Sources */ = {isa = PBXBuildFile; fileRef = 96C3917D25DC131C0043A1AD /* HomeTableViewCellViewData.swift */; };
		96C3918325DC13300043A1AD /* HomeTableViewCellViewDataType.swift in Sources */ = {isa = PBXBuildFile; fileRef = 96C3918225DC13300043A1AD /* HomeTableViewCellViewDataType.swift */; };
		96C391A025DC257E0043A1AD /* HomeCollectionViewCell.swift in Sources */ = {isa = PBXBuildFile; fileRef = 96C3919F25DC257E0043A1AD /* HomeCollectionViewCell.swift */; };
		96C391A825DC2B0F0043A1AD /* HomeTableView.swift in Sources */ = {isa = PBXBuildFile; fileRef = 96C391A725DC2B0F0043A1AD /* HomeTableView.swift */; };
		96C391AD25DC2B350043A1AD /* HomeHeader.swift in Sources */ = {isa = PBXBuildFile; fileRef = 96C391AC25DC2B350043A1AD /* HomeHeader.swift */; };
		96C391B225DC2B550043A1AD /* AppLogo.swift in Sources */ = {isa = PBXBuildFile; fileRef = 96C391B125DC2B550043A1AD /* AppLogo.swift */; };
		96C391B725DC2B810043A1AD /* AppRotatedTitle.swift in Sources */ = {isa = PBXBuildFile; fileRef = 96C391B625DC2B810043A1AD /* AppRotatedTitle.swift */; };
		96C391BC25DC2BAD0043A1AD /* HomeTableViewDragHandle.swift in Sources */ = {isa = PBXBuildFile; fileRef = 96C391BB25DC2BAD0043A1AD /* HomeTableViewDragHandle.swift */; };
		96C391CC25DC2C220043A1AD /* HomeCollectionViewTitle.swift in Sources */ = {isa = PBXBuildFile; fileRef = 96C391CB25DC2C220043A1AD /* HomeCollectionViewTitle.swift */; };
		96C391D125DC2C3C0043A1AD /* HomeCollectionViewSubtitle.swift in Sources */ = {isa = PBXBuildFile; fileRef = 96C391D025DC2C3C0043A1AD /* HomeCollectionViewSubtitle.swift */; };
		96C391D625DC2C610043A1AD /* HomeCollectionViewImageView.swift in Sources */ = {isa = PBXBuildFile; fileRef = 96C391D525DC2C610043A1AD /* HomeCollectionViewImageView.swift */; };
		96C391ED25DC52A10043A1AD /* HomeDetailViewModelType.swift in Sources */ = {isa = PBXBuildFile; fileRef = 96C391EC25DC52A10043A1AD /* HomeDetailViewModelType.swift */; };
		96C3921025DC5EF30043A1AD /* AppConfigurableLabel.swift in Sources */ = {isa = PBXBuildFile; fileRef = 96C3920F25DC5EF30043A1AD /* AppConfigurableLabel.swift */; };
		96C3921625DC5FFB0043A1AD /* SearchCoordinator.swift in Sources */ = {isa = PBXBuildFile; fileRef = 96C3921525DC5FFB0043A1AD /* SearchCoordinator.swift */; };
		96C3921C25DC60BD0043A1AD /* SearchController.swift in Sources */ = {isa = PBXBuildFile; fileRef = 96C3921B25DC60BD0043A1AD /* SearchController.swift */; };
		96C3922225DC64570043A1AD /* ProfileCoordinator.swift in Sources */ = {isa = PBXBuildFile; fileRef = 96C3922125DC64570043A1AD /* ProfileCoordinator.swift */; };
		96C3922B25DC64ED0043A1AD /* ProfileController.swift in Sources */ = {isa = PBXBuildFile; fileRef = 96C3922A25DC64ED0043A1AD /* ProfileController.swift */; };
		96C3923125DC65260043A1AD /* FavoriteCoodinator.swift in Sources */ = {isa = PBXBuildFile; fileRef = 96C3923025DC65260043A1AD /* FavoriteCoodinator.swift */; };
		96C3923725DC65780043A1AD /* FavoriteController.swift in Sources */ = {isa = PBXBuildFile; fileRef = 96C3923625DC65780043A1AD /* FavoriteController.swift */; };
		96C3923F25DC71640043A1AD /* OFL.txt in Resources */ = {isa = PBXBuildFile; fileRef = 96C3923E25DC71640043A1AD /* OFL.txt */; };
		96F0687925D481E30035B417 /* RemoteAPIServiceTests.swift in Sources */ = {isa = PBXBuildFile; fileRef = 96F0687825D481E30035B417 /* RemoteAPIServiceTests.swift */; };
/* End PBXBuildFile section */

/* Begin PBXContainerItemProxy section */
		96230E1F25CF3CA100DA9752 /* PBXContainerItemProxy */ = {
			isa = PBXContainerItemProxy;
			containerPortal = 96230E0025CF3C9F00DA9752 /* Project object */;
			proxyType = 1;
			remoteGlobalIDString = 96230E0725CF3C9F00DA9752;
			remoteInfo = nfnews;
		};
		96230E2A25CF3CA100DA9752 /* PBXContainerItemProxy */ = {
			isa = PBXContainerItemProxy;
			containerPortal = 96230E0025CF3C9F00DA9752 /* Project object */;
			proxyType = 1;
			remoteGlobalIDString = 96230E0725CF3C9F00DA9752;
			remoteInfo = nfnews;
		};
/* End PBXContainerItemProxy section */

/* Begin PBXFileReference section */
		96230E0825CF3C9F00DA9752 /* nfnews.app */ = {isa = PBXFileReference; explicitFileType = wrapper.application; includeInIndex = 0; path = nfnews.app; sourceTree = BUILT_PRODUCTS_DIR; };
		96230E0B25CF3C9F00DA9752 /* AppDelegate.swift */ = {isa = PBXFileReference; lastKnownFileType = sourcecode.swift; path = AppDelegate.swift; sourceTree = "<group>"; };
		96230E1425CF3CA100DA9752 /* Assets.xcassets */ = {isa = PBXFileReference; lastKnownFileType = folder.assetcatalog; path = Assets.xcassets; sourceTree = "<group>"; };
		96230E1725CF3CA100DA9752 /* Base */ = {isa = PBXFileReference; lastKnownFileType = file.storyboard; name = Base; path = Base.lproj/LaunchScreen.storyboard; sourceTree = "<group>"; };
		96230E1925CF3CA100DA9752 /* Info.plist */ = {isa = PBXFileReference; lastKnownFileType = text.plist.xml; path = Info.plist; sourceTree = "<group>"; };
		96230E1E25CF3CA100DA9752 /* nfnewsTests.xctest */ = {isa = PBXFileReference; explicitFileType = wrapper.cfbundle; includeInIndex = 0; path = nfnewsTests.xctest; sourceTree = BUILT_PRODUCTS_DIR; };
		96230E2425CF3CA100DA9752 /* Info.plist */ = {isa = PBXFileReference; lastKnownFileType = text.plist.xml; path = Info.plist; sourceTree = "<group>"; };
		96230E2925CF3CA100DA9752 /* nfnewsUITests.xctest */ = {isa = PBXFileReference; explicitFileType = wrapper.cfbundle; includeInIndex = 0; path = nfnewsUITests.xctest; sourceTree = BUILT_PRODUCTS_DIR; };
		96230E2D25CF3CA100DA9752 /* nfnewsUITests.swift */ = {isa = PBXFileReference; lastKnownFileType = sourcecode.swift; path = nfnewsUITests.swift; sourceTree = "<group>"; };
		96230E2F25CF3CA100DA9752 /* Info.plist */ = {isa = PBXFileReference; lastKnownFileType = text.plist.xml; path = Info.plist; sourceTree = "<group>"; };
		96230E4525CF415500DA9752 /* update_build_date.sh */ = {isa = PBXFileReference; fileEncoding = 4; lastKnownFileType = text.script.sh; path = update_build_date.sh; sourceTree = "<group>"; };
		96230E4625CF415500DA9752 /* update_build_number.sh */ = {isa = PBXFileReference; fileEncoding = 4; lastKnownFileType = text.script.sh; path = update_build_number.sh; sourceTree = "<group>"; };
		96230E7D25CF458D00DA9752 /* Strings.swift */ = {isa = PBXFileReference; lastKnownFileType = sourcecode.swift; path = Strings.swift; sourceTree = "<group>"; };
		96230E8A25CF481700DA9752 /* AppTabBarController.swift */ = {isa = PBXFileReference; lastKnownFileType = sourcecode.swift; path = AppTabBarController.swift; sourceTree = "<group>"; };
		96230EA525CF4F2200DA9752 /* Montserrat-Bold.otf */ = {isa = PBXFileReference; lastKnownFileType = file; path = "Montserrat-Bold.otf"; sourceTree = "<group>"; };
		96230EA625CF4F2200DA9752 /* Montserrat-Light.otf */ = {isa = PBXFileReference; lastKnownFileType = file; path = "Montserrat-Light.otf"; sourceTree = "<group>"; };
		96230EA725CF4F2200DA9752 /* Montserrat-Medium.otf */ = {isa = PBXFileReference; lastKnownFileType = file; path = "Montserrat-Medium.otf"; sourceTree = "<group>"; };
		96230EA825CF4F2200DA9752 /* Montserrat-Regular.otf */ = {isa = PBXFileReference; lastKnownFileType = file; path = "Montserrat-Regular.otf"; sourceTree = "<group>"; };
		96230EA925CF4F2200DA9752 /* Montserrat-ExtraBold.otf */ = {isa = PBXFileReference; lastKnownFileType = file; path = "Montserrat-ExtraBold.otf"; sourceTree = "<group>"; };
		96C1E97B25D054CA00DC0033 /* NewsApiArticle.swift */ = {isa = PBXFileReference; lastKnownFileType = sourcecode.swift; path = NewsApiArticle.swift; sourceTree = "<group>"; };
		96C1E98025D0555B00DC0033 /* NewsApiSource.swift */ = {isa = PBXFileReference; lastKnownFileType = sourcecode.swift; path = NewsApiSource.swift; sourceTree = "<group>"; };
		96C1E98525D055A300DC0033 /* NewsApiResponse.swift */ = {isa = PBXFileReference; lastKnownFileType = sourcecode.swift; path = NewsApiResponse.swift; sourceTree = "<group>"; };
		96C1E99425D05ED100DC0033 /* APIResponse.json */ = {isa = PBXFileReference; lastKnownFileType = text.json; path = APIResponse.json; sourceTree = "<group>"; };
		96C1E99C25D06A3200DC0033 /* Helpers.swift */ = {isa = PBXFileReference; lastKnownFileType = sourcecode.swift; path = Helpers.swift; sourceTree = "<group>"; };
		96C1E9AA25D0B60000DC0033 /* FontManager.swift */ = {isa = PBXFileReference; lastKnownFileType = sourcecode.swift; path = FontManager.swift; sourceTree = "<group>"; };
		96C1E9B225D19D6400DC0033 /* Theme.swift */ = {isa = PBXFileReference; lastKnownFileType = sourcecode.swift; name = Theme.swift; path = nfnews/Resources/Theme.swift; sourceTree = SOURCE_ROOT; };
		96C1E9B725D19DCF00DC0033 /* Theme+Implementation.swift */ = {isa = PBXFileReference; lastKnownFileType = sourcecode.swift; name = "Theme+Implementation.swift"; path = "nfnews/Resources/Theme+Implementation.swift"; sourceTree = SOURCE_ROOT; };
		96C1E9BF25D1A45600DC0033 /* UI.swift */ = {isa = PBXFileReference; lastKnownFileType = sourcecode.swift; path = UI.swift; sourceTree = "<group>"; };
		96C1E9C425D1AAB300DC0033 /* Extensions.swift */ = {isa = PBXFileReference; lastKnownFileType = sourcecode.swift; path = Extensions.swift; sourceTree = "<group>"; };
		96C390B625DB0D830043A1AD /* NewsApiService.swift */ = {isa = PBXFileReference; fileEncoding = 4; lastKnownFileType = sourcecode.swift; path = NewsApiService.swift; sourceTree = "<group>"; };
		96C390BE25DB0D920043A1AD /* ApiClient.swift */ = {isa = PBXFileReference; fileEncoding = 4; lastKnownFileType = sourcecode.swift; path = ApiClient.swift; sourceTree = "<group>"; };
		96C390C325DB0DA40043A1AD /* AppCoordinator.swift */ = {isa = PBXFileReference; fileEncoding = 4; lastKnownFileType = sourcecode.swift; path = AppCoordinator.swift; sourceTree = "<group>"; };
		96C390C425DB0DA40043A1AD /* Coordinator.swift */ = {isa = PBXFileReference; fileEncoding = 4; lastKnownFileType = sourcecode.swift; path = Coordinator.swift; sourceTree = "<group>"; };
		96C390C525DB0DA40043A1AD /* About.txt */ = {isa = PBXFileReference; fileEncoding = 4; lastKnownFileType = text; path = About.txt; sourceTree = "<group>"; };
		96C390F625DB0FFB0043A1AD /* HomeDetailViewModel.swift */ = {isa = PBXFileReference; fileEncoding = 4; lastKnownFileType = sourcecode.swift; path = HomeDetailViewModel.swift; sourceTree = "<group>"; };
		96C390F725DB0FFB0043A1AD /* HomeViewModel.swift */ = {isa = PBXFileReference; fileEncoding = 4; lastKnownFileType = sourcecode.swift; path = HomeViewModel.swift; sourceTree = "<group>"; };
		96C390F825DB0FFB0043A1AD /* HomeViewModelType.swift */ = {isa = PBXFileReference; fileEncoding = 4; lastKnownFileType = sourcecode.swift; path = HomeViewModelType.swift; sourceTree = "<group>"; };
		96C390FA25DB0FFB0043A1AD /* HomeController.swift */ = {isa = PBXFileReference; fileEncoding = 4; lastKnownFileType = sourcecode.swift; path = HomeController.swift; sourceTree = "<group>"; };
		96C390FB25DB0FFB0043A1AD /* HomeDetailController.swift */ = {isa = PBXFileReference; fileEncoding = 4; lastKnownFileType = sourcecode.swift; path = HomeDetailController.swift; sourceTree = "<group>"; };
		96C390FC25DB0FFB0043A1AD /* HomeCoordinator.swift */ = {isa = PBXFileReference; fileEncoding = 4; lastKnownFileType = sourcecode.swift; path = HomeCoordinator.swift; sourceTree = "<group>"; };
		96C3910E25DB11560043A1AD /* AppTabBar.swift */ = {isa = PBXFileReference; lastKnownFileType = sourcecode.swift; path = AppTabBar.swift; sourceTree = "<group>"; };
		96C3911625DB11AC0043A1AD /* AppTabBarItem.swift */ = {isa = PBXFileReference; lastKnownFileType = sourcecode.swift; path = AppTabBarItem.swift; sourceTree = "<group>"; };
		96C3914D25DB2D290043A1AD /* HomeTableViewCell.swift */ = {isa = PBXFileReference; lastKnownFileType = sourcecode.swift; path = HomeTableViewCell.swift; sourceTree = "<group>"; };
		96C3916225DBFE770043A1AD /* Reachability.swift */ = {isa = PBXFileReference; lastKnownFileType = sourcecode.swift; path = Reachability.swift; sourceTree = "<group>"; };
		96C3916A25DC11240043A1AD /* HomeCollectionViewCellViewDataType.swift */ = {isa = PBXFileReference; lastKnownFileType = sourcecode.swift; path = HomeCollectionViewCellViewDataType.swift; sourceTree = "<group>"; };
		96C3916F25DC11E70043A1AD /* HomeCollectionViewCellViewData.swift */ = {isa = PBXFileReference; lastKnownFileType = sourcecode.swift; path = HomeCollectionViewCellViewData.swift; sourceTree = "<group>"; };
		96C3917D25DC131C0043A1AD /* HomeTableViewCellViewData.swift */ = {isa = PBXFileReference; lastKnownFileType = sourcecode.swift; path = HomeTableViewCellViewData.swift; sourceTree = "<group>"; };
		96C3918225DC13300043A1AD /* HomeTableViewCellViewDataType.swift */ = {isa = PBXFileReference; lastKnownFileType = sourcecode.swift; path = HomeTableViewCellViewDataType.swift; sourceTree = "<group>"; };
		96C3919F25DC257E0043A1AD /* HomeCollectionViewCell.swift */ = {isa = PBXFileReference; lastKnownFileType = sourcecode.swift; path = HomeCollectionViewCell.swift; sourceTree = "<group>"; };
		96C391A725DC2B0F0043A1AD /* HomeTableView.swift */ = {isa = PBXFileReference; lastKnownFileType = sourcecode.swift; path = HomeTableView.swift; sourceTree = "<group>"; };
		96C391AC25DC2B350043A1AD /* HomeHeader.swift */ = {isa = PBXFileReference; lastKnownFileType = sourcecode.swift; name = HomeHeader.swift; path = nfnews/Scenes/Home/Views/HomeHeader.swift; sourceTree = SOURCE_ROOT; };
		96C391B125DC2B550043A1AD /* AppLogo.swift */ = {isa = PBXFileReference; lastKnownFileType = sourcecode.swift; path = AppLogo.swift; sourceTree = "<group>"; };
		96C391B625DC2B810043A1AD /* AppRotatedTitle.swift */ = {isa = PBXFileReference; lastKnownFileType = sourcecode.swift; path = AppRotatedTitle.swift; sourceTree = "<group>"; };
		96C391BB25DC2BAD0043A1AD /* HomeTableViewDragHandle.swift */ = {isa = PBXFileReference; lastKnownFileType = sourcecode.swift; path = HomeTableViewDragHandle.swift; sourceTree = "<group>"; };
		96C391CB25DC2C220043A1AD /* HomeCollectionViewTitle.swift */ = {isa = PBXFileReference; lastKnownFileType = sourcecode.swift; path = HomeCollectionViewTitle.swift; sourceTree = "<group>"; };
		96C391D025DC2C3C0043A1AD /* HomeCollectionViewSubtitle.swift */ = {isa = PBXFileReference; lastKnownFileType = sourcecode.swift; path = HomeCollectionViewSubtitle.swift; sourceTree = "<group>"; };
		96C391D525DC2C610043A1AD /* HomeCollectionViewImageView.swift */ = {isa = PBXFileReference; lastKnownFileType = sourcecode.swift; path = HomeCollectionViewImageView.swift; sourceTree = "<group>"; };
		96C391EC25DC52A10043A1AD /* HomeDetailViewModelType.swift */ = {isa = PBXFileReference; lastKnownFileType = sourcecode.swift; path = HomeDetailViewModelType.swift; sourceTree = "<group>"; };
		96C3920F25DC5EF30043A1AD /* AppConfigurableLabel.swift */ = {isa = PBXFileReference; fileEncoding = 4; lastKnownFileType = sourcecode.swift; path = AppConfigurableLabel.swift; sourceTree = "<group>"; };
		96C3921525DC5FFB0043A1AD /* SearchCoordinator.swift */ = {isa = PBXFileReference; lastKnownFileType = sourcecode.swift; path = SearchCoordinator.swift; sourceTree = "<group>"; };
		96C3921B25DC60BD0043A1AD /* SearchController.swift */ = {isa = PBXFileReference; lastKnownFileType = sourcecode.swift; path = SearchController.swift; sourceTree = "<group>"; };
		96C3922125DC64570043A1AD /* ProfileCoordinator.swift */ = {isa = PBXFileReference; lastKnownFileType = sourcecode.swift; path = ProfileCoordinator.swift; sourceTree = "<group>"; };
		96C3922A25DC64ED0043A1AD /* ProfileController.swift */ = {isa = PBXFileReference; lastKnownFileType = sourcecode.swift; path = ProfileController.swift; sourceTree = "<group>"; };
		96C3923025DC65260043A1AD /* FavoriteCoodinator.swift */ = {isa = PBXFileReference; lastKnownFileType = sourcecode.swift; path = FavoriteCoodinator.swift; sourceTree = "<group>"; };
		96C3923625DC65780043A1AD /* FavoriteController.swift */ = {isa = PBXFileReference; lastKnownFileType = sourcecode.swift; path = FavoriteController.swift; sourceTree = "<group>"; };
		96C3923E25DC71640043A1AD /* OFL.txt */ = {isa = PBXFileReference; fileEncoding = 4; lastKnownFileType = text; path = OFL.txt; sourceTree = "<group>"; };
		96F0687825D481E30035B417 /* RemoteAPIServiceTests.swift */ = {isa = PBXFileReference; lastKnownFileType = sourcecode.swift; path = RemoteAPIServiceTests.swift; sourceTree = "<group>"; };
/* End PBXFileReference section */

/* Begin PBXFrameworksBuildPhase section */
		96230E0525CF3C9F00DA9752 /* Frameworks */ = {
			isa = PBXFrameworksBuildPhase;
			buildActionMask = 2147483647;
			files = (
			);
			runOnlyForDeploymentPostprocessing = 0;
		};
		96230E1B25CF3CA100DA9752 /* Frameworks */ = {
			isa = PBXFrameworksBuildPhase;
			buildActionMask = 2147483647;
			files = (
			);
			runOnlyForDeploymentPostprocessing = 0;
		};
		96230E2625CF3CA100DA9752 /* Frameworks */ = {
			isa = PBXFrameworksBuildPhase;
			buildActionMask = 2147483647;
			files = (
			);
			runOnlyForDeploymentPostprocessing = 0;
		};
/* End PBXFrameworksBuildPhase section */

/* Begin PBXGroup section */
		96230DFF25CF3C9F00DA9752 = {
			isa = PBXGroup;
			children = (
				96230E0A25CF3C9F00DA9752 /* nfnews */,
				96230E4425CF415500DA9752 /* scripts */,
				96230E2125CF3CA100DA9752 /* nfnewsTests */,
				96230E2C25CF3CA100DA9752 /* nfnewsUITests */,
				96230E0925CF3C9F00DA9752 /* Products */,
			);
			sourceTree = "<group>";
		};
		96230E0925CF3C9F00DA9752 /* Products */ = {
			isa = PBXGroup;
			children = (
				96230E0825CF3C9F00DA9752 /* nfnews.app */,
				96230E1E25CF3CA100DA9752 /* nfnewsTests.xctest */,
				96230E2925CF3CA100DA9752 /* nfnewsUITests.xctest */,
			);
			name = Products;
			sourceTree = "<group>";
		};
		96230E0A25CF3C9F00DA9752 /* nfnews */ = {
			isa = PBXGroup;
			children = (
				96230E0B25CF3C9F00DA9752 /* AppDelegate.swift */,
				96230E6B25CF42BA00DA9752 /* Resources */,
				96C390B525DB0CF20043A1AD /* Scenes */,
				96C1E9A125D073AC00DC0033 /* Services */,
			);
			path = nfnews;
			sourceTree = "<group>";
		};
		96230E2125CF3CA100DA9752 /* nfnewsTests */ = {
			isa = PBXGroup;
			children = (
				96230E2425CF3CA100DA9752 /* Info.plist */,
				96F0687825D481E30035B417 /* RemoteAPIServiceTests.swift */,
			);
			path = nfnewsTests;
			sourceTree = "<group>";
		};
		96230E2C25CF3CA100DA9752 /* nfnewsUITests */ = {
			isa = PBXGroup;
			children = (
				96230E2D25CF3CA100DA9752 /* nfnewsUITests.swift */,
				96230E2F25CF3CA100DA9752 /* Info.plist */,
			);
			path = nfnewsUITests;
			sourceTree = "<group>";
		};
		96230E4425CF415500DA9752 /* scripts */ = {
			isa = PBXGroup;
			children = (
				96230E4525CF415500DA9752 /* update_build_date.sh */,
				96230E4625CF415500DA9752 /* update_build_number.sh */,
			);
			path = scripts;
			sourceTree = "<group>";
		};
		96230E6B25CF42BA00DA9752 /* Resources */ = {
			isa = PBXGroup;
			children = (
				96C1E99425D05ED100DC0033 /* APIResponse.json */,
				96230E1425CF3CA100DA9752 /* Assets.xcassets */,
				96C1E9C425D1AAB300DC0033 /* Extensions.swift */,
				96C1E9AA25D0B60000DC0033 /* FontManager.swift */,
				96230E1925CF3CA100DA9752 /* Info.plist */,
				96230E1625CF3CA100DA9752 /* LaunchScreen.storyboard */,
				96C1E9B225D19D6400DC0033 /* Theme.swift */,
				96C1E9B725D19DCF00DC0033 /* Theme+Implementation.swift */,
				96230EA325CF4F1200DA9752 /* Fonts */,
				96230E7325CF43A300DA9752 /* Utils */,
			);
			path = Resources;
			sourceTree = "<group>";
		};
		96230E7325CF43A300DA9752 /* Utils */ = {
			isa = PBXGroup;
			children = (
				96C1E99C25D06A3200DC0033 /* Helpers.swift */,
				96C3916225DBFE770043A1AD /* Reachability.swift */,
				96230E7D25CF458D00DA9752 /* Strings.swift */,
				96C1E9BF25D1A45600DC0033 /* UI.swift */,
			);
			path = Utils;
			sourceTree = "<group>";
		};
		96230EA325CF4F1200DA9752 /* Fonts */ = {
			isa = PBXGroup;
			children = (
				96230EA425CF4F2200DA9752 /* Montserrat */,
			);
			path = Fonts;
			sourceTree = "<group>";
		};
		96230EA425CF4F2200DA9752 /* Montserrat */ = {
			isa = PBXGroup;
			children = (
				96230EA525CF4F2200DA9752 /* Montserrat-Bold.otf */,
				96230EA625CF4F2200DA9752 /* Montserrat-Light.otf */,
				96230EA725CF4F2200DA9752 /* Montserrat-Medium.otf */,
				96230EA825CF4F2200DA9752 /* Montserrat-Regular.otf */,
				96230EA925CF4F2200DA9752 /* Montserrat-ExtraBold.otf */,
				96C3923E25DC71640043A1AD /* OFL.txt */,
			);
			path = Montserrat;
			sourceTree = "<group>";
		};
		96C1E9A125D073AC00DC0033 /* Services */ = {
			isa = PBXGroup;
			children = (
				96C390BE25DB0D920043A1AD /* ApiClient.swift */,
				96C390B625DB0D830043A1AD /* NewsApiService.swift */,
			);
			path = Services;
			sourceTree = "<group>";
		};
		96C390B525DB0CF20043A1AD /* Scenes */ = {
			isa = PBXGroup;
			children = (
				96C390C525DB0DA40043A1AD /* About.txt */,
				96C390C325DB0DA40043A1AD /* AppCoordinator.swift */,
				96C390C425DB0DA40043A1AD /* Coordinator.swift */,
				96C3922F25DC65120043A1AD /* Favorite */,
				96C390F425DB0FFB0043A1AD /* Home */,
				96C3922025DC64470043A1AD /* Profile */,
				96C3921425DC5FD10043A1AD /* Search */,
				96C390E425DB0EEA0043A1AD /* Universal */,
			);
			path = Scenes;
			sourceTree = "<group>";
		};
		96C390E425DB0EEA0043A1AD /* Universal */ = {
			isa = PBXGroup;
			children = (
				96C3910D25DB113F0043A1AD /* ViewControllers */,
				96C3910C25DB113A0043A1AD /* Views */,
			);
			path = Universal;
			sourceTree = "<group>";
		};
		96C390F425DB0FFB0043A1AD /* Home */ = {
			isa = PBXGroup;
			children = (
				96C390FC25DB0FFB0043A1AD /* HomeCoordinator.swift */,
				96C3910825DB10540043A1AD /* Models */,
				96C390F925DB0FFB0043A1AD /* ViewControllers */,
				96C3910625DB10540043A1AD /* ViewDatas */,
				96C390F525DB0FFB0043A1AD /* ViewModels */,
				96C3910725DB10540043A1AD /* Views */,
			);
			path = Home;
			sourceTree = "<group>";
		};
		96C390F525DB0FFB0043A1AD /* ViewModels */ = {
			isa = PBXGroup;
			children = (
				96C390F625DB0FFB0043A1AD /* HomeDetailViewModel.swift */,
				96C391EC25DC52A10043A1AD /* HomeDetailViewModelType.swift */,
				96C390F725DB0FFB0043A1AD /* HomeViewModel.swift */,
				96C390F825DB0FFB0043A1AD /* HomeViewModelType.swift */,
			);
			path = ViewModels;
			sourceTree = "<group>";
		};
		96C390F925DB0FFB0043A1AD /* ViewControllers */ = {
			isa = PBXGroup;
			children = (
				96C390FA25DB0FFB0043A1AD /* HomeController.swift */,
				96C390FB25DB0FFB0043A1AD /* HomeDetailController.swift */,
			);
			path = ViewControllers;
			sourceTree = "<group>";
		};
		96C3910625DB10540043A1AD /* ViewDatas */ = {
			isa = PBXGroup;
			children = (
				96C3916F25DC11E70043A1AD /* HomeCollectionViewCellViewData.swift */,
				96C3916A25DC11240043A1AD /* HomeCollectionViewCellViewDataType.swift */,
				96C3917D25DC131C0043A1AD /* HomeTableViewCellViewData.swift */,
				96C3918225DC13300043A1AD /* HomeTableViewCellViewDataType.swift */,
			);
			path = ViewDatas;
			sourceTree = "<group>";
		};
		96C3910725DB10540043A1AD /* Views */ = {
			isa = PBXGroup;
			children = (
				96C3919F25DC257E0043A1AD /* HomeCollectionViewCell.swift */,
				96C391D525DC2C610043A1AD /* HomeCollectionViewImageView.swift */,
				96C391D025DC2C3C0043A1AD /* HomeCollectionViewSubtitle.swift */,
				96C391CB25DC2C220043A1AD /* HomeCollectionViewTitle.swift */,
				96C391AC25DC2B350043A1AD /* HomeHeader.swift */,
				96C391A725DC2B0F0043A1AD /* HomeTableView.swift */,
				96C3914D25DB2D290043A1AD /* HomeTableViewCell.swift */,
				96C391BB25DC2BAD0043A1AD /* HomeTableViewDragHandle.swift */,
			);
			path = Views;
			sourceTree = "<group>";
		};
		96C3910825DB10540043A1AD /* Models */ = {
			isa = PBXGroup;
			children = (
				96C1E97B25D054CA00DC0033 /* NewsApiArticle.swift */,
				96C1E98525D055A300DC0033 /* NewsApiResponse.swift */,
				96C1E98025D0555B00DC0033 /* NewsApiSource.swift */,
			);
			path = Models;
			sourceTree = "<group>";
		};
		96C3910C25DB113A0043A1AD /* Views */ = {
			isa = PBXGroup;
			children = (
				96C3920F25DC5EF30043A1AD /* AppConfigurableLabel.swift */,
				96C391B125DC2B550043A1AD /* AppLogo.swift */,
				96C391B625DC2B810043A1AD /* AppRotatedTitle.swift */,
				96C3910E25DB11560043A1AD /* AppTabBar.swift */,
				96C3911625DB11AC0043A1AD /* AppTabBarItem.swift */,
			);
			path = Views;
			sourceTree = "<group>";
		};
		96C3910D25DB113F0043A1AD /* ViewControllers */ = {
			isa = PBXGroup;
			children = (
				96230E8A25CF481700DA9752 /* AppTabBarController.swift */,
			);
			path = ViewControllers;
			sourceTree = "<group>";
		};
		96C3921425DC5FD10043A1AD /* Search */ = {
			isa = PBXGroup;
			children = (
				96C3921525DC5FFB0043A1AD /* SearchCoordinator.swift */,
				96C3921A25DC60AE0043A1AD /* ViewControllers */,
			);
			path = Search;
			sourceTree = "<group>";
		};
		96C3921A25DC60AE0043A1AD /* ViewControllers */ = {
			isa = PBXGroup;
			children = (
				96C3921B25DC60BD0043A1AD /* SearchController.swift */,
			);
			path = ViewControllers;
			sourceTree = "<group>";
		};
		96C3922025DC64470043A1AD /* Profile */ = {
			isa = PBXGroup;
			children = (
				96C3922125DC64570043A1AD /* ProfileCoordinator.swift */,
				96C3922925DC64DC0043A1AD /* ViewControllers */,
			);
			path = Profile;
			sourceTree = "<group>";
		};
		96C3922925DC64DC0043A1AD /* ViewControllers */ = {
			isa = PBXGroup;
			children = (
				96C3922A25DC64ED0043A1AD /* ProfileController.swift */,
			);
			path = ViewControllers;
			sourceTree = "<group>";
		};
		96C3922F25DC65120043A1AD /* Favorite */ = {
			isa = PBXGroup;
			children = (
				96C3923025DC65260043A1AD /* FavoriteCoodinator.swift */,
				96C3923525DC65690043A1AD /* ViewControllers */,
			);
			path = Favorite;
			sourceTree = "<group>";
		};
		96C3923525DC65690043A1AD /* ViewControllers */ = {
			isa = PBXGroup;
			children = (
				96C3923625DC65780043A1AD /* FavoriteController.swift */,
			);
			path = ViewControllers;
			sourceTree = "<group>";
		};
/* End PBXGroup section */

/* Begin PBXNativeTarget section */
		96230E0725CF3C9F00DA9752 /* nfnews */ = {
			isa = PBXNativeTarget;
			buildConfigurationList = 96230E3225CF3CA100DA9752 /* Build configuration list for PBXNativeTarget "nfnews" */;
			buildPhases = (
				96230E0425CF3C9F00DA9752 /* Sources */,
				96230E0525CF3C9F00DA9752 /* Frameworks */,
				96230E0625CF3C9F00DA9752 /* Resources */,
				96230E5F25CF419C00DA9752 /* ShellScript */,
			);
			buildRules = (
			);
			dependencies = (
			);
			name = nfnews;
			productName = nfnews;
			productReference = 96230E0825CF3C9F00DA9752 /* nfnews.app */;
			productType = "com.apple.product-type.application";
		};
		96230E1D25CF3CA100DA9752 /* nfnewsTests */ = {
			isa = PBXNativeTarget;
			buildConfigurationList = 96230E3525CF3CA100DA9752 /* Build configuration list for PBXNativeTarget "nfnewsTests" */;
			buildPhases = (
				96230E1A25CF3CA100DA9752 /* Sources */,
				96230E1B25CF3CA100DA9752 /* Frameworks */,
				96230E1C25CF3CA100DA9752 /* Resources */,
			);
			buildRules = (
			);
			dependencies = (
				96230E2025CF3CA100DA9752 /* PBXTargetDependency */,
			);
			name = nfnewsTests;
			productName = nfnewsTests;
			productReference = 96230E1E25CF3CA100DA9752 /* nfnewsTests.xctest */;
			productType = "com.apple.product-type.bundle.unit-test";
		};
		96230E2825CF3CA100DA9752 /* nfnewsUITests */ = {
			isa = PBXNativeTarget;
			buildConfigurationList = 96230E3825CF3CA100DA9752 /* Build configuration list for PBXNativeTarget "nfnewsUITests" */;
			buildPhases = (
				96230E2525CF3CA100DA9752 /* Sources */,
				96230E2625CF3CA100DA9752 /* Frameworks */,
				96230E2725CF3CA100DA9752 /* Resources */,
			);
			buildRules = (
			);
			dependencies = (
				96230E2B25CF3CA100DA9752 /* PBXTargetDependency */,
			);
			name = nfnewsUITests;
			productName = nfnewsUITests;
			productReference = 96230E2925CF3CA100DA9752 /* nfnewsUITests.xctest */;
			productType = "com.apple.product-type.bundle.ui-testing";
		};
/* End PBXNativeTarget section */

/* Begin PBXProject section */
		96230E0025CF3C9F00DA9752 /* Project object */ = {
			isa = PBXProject;
			attributes = {
				LastSwiftUpdateCheck = 1220;
				LastUpgradeCheck = 1220;
				TargetAttributes = {
					96230E0725CF3C9F00DA9752 = {
						CreatedOnToolsVersion = 12.2;
					};
					96230E1D25CF3CA100DA9752 = {
						CreatedOnToolsVersion = 12.2;
						TestTargetID = 96230E0725CF3C9F00DA9752;
					};
					96230E2825CF3CA100DA9752 = {
						CreatedOnToolsVersion = 12.2;
						TestTargetID = 96230E0725CF3C9F00DA9752;
					};
				};
			};
			buildConfigurationList = 96230E0325CF3C9F00DA9752 /* Build configuration list for PBXProject "nfnews" */;
			compatibilityVersion = "Xcode 9.3";
			developmentRegion = en;
			hasScannedForEncodings = 0;
			knownRegions = (
				en,
				Base,
			);
			mainGroup = 96230DFF25CF3C9F00DA9752;
			productRefGroup = 96230E0925CF3C9F00DA9752 /* Products */;
			projectDirPath = "";
			projectRoot = "";
			targets = (
				96230E0725CF3C9F00DA9752 /* nfnews */,
				96230E1D25CF3CA100DA9752 /* nfnewsTests */,
				96230E2825CF3CA100DA9752 /* nfnewsUITests */,
			);
		};
/* End PBXProject section */

/* Begin PBXResourcesBuildPhase section */
		96230E0625CF3C9F00DA9752 /* Resources */ = {
			isa = PBXResourcesBuildPhase;
			buildActionMask = 2147483647;
			files = (
				96230EAE25CF4F2200DA9752 /* Montserrat-ExtraBold.otf in Resources */,
				96230EAA25CF4F2200DA9752 /* Montserrat-Bold.otf in Resources */,
				96230E4725CF415500DA9752 /* update_build_date.sh in Resources */,
				96C1E99525D05ED100DC0033 /* APIResponse.json in Resources */,
				96230E4825CF415500DA9752 /* update_build_number.sh in Resources */,
				96C390D425DB0DA40043A1AD /* About.txt in Resources */,
				96C3923F25DC71640043A1AD /* OFL.txt in Resources */,
				96230EAD25CF4F2200DA9752 /* Montserrat-Regular.otf in Resources */,
				96230E1825CF3CA100DA9752 /* LaunchScreen.storyboard in Resources */,
				96230E1525CF3CA100DA9752 /* Assets.xcassets in Resources */,
				96230EAC25CF4F2200DA9752 /* Montserrat-Medium.otf in Resources */,
				96230EAB25CF4F2200DA9752 /* Montserrat-Light.otf in Resources */,
			);
			runOnlyForDeploymentPostprocessing = 0;
		};
		96230E1C25CF3CA100DA9752 /* Resources */ = {
			isa = PBXResourcesBuildPhase;
			buildActionMask = 2147483647;
			files = (
			);
			runOnlyForDeploymentPostprocessing = 0;
		};
		96230E2725CF3CA100DA9752 /* Resources */ = {
			isa = PBXResourcesBuildPhase;
			buildActionMask = 2147483647;
			files = (
			);
			runOnlyForDeploymentPostprocessing = 0;
		};
/* End PBXResourcesBuildPhase section */

/* Begin PBXShellScriptBuildPhase section */
		96230E5F25CF419C00DA9752 /* ShellScript */ = {
			isa = PBXShellScriptBuildPhase;
			buildActionMask = 2147483647;
			files = (
			);
			inputFileListPaths = (
			);
			inputPaths = (
			);
			outputFileListPaths = (
			);
			outputPaths = (
			);
			runOnlyForDeploymentPostprocessing = 0;
			shellPath = /bin/sh;
			shellScript = "$SRCROOT/scripts/update_build_number.sh\n$SRCROOT/scripts/update_build_date.sh\n";
		};
/* End PBXShellScriptBuildPhase section */

/* Begin PBXSourcesBuildPhase section */
		96230E0425CF3C9F00DA9752 /* Sources */ = {
			isa = PBXSourcesBuildPhase;
			buildActionMask = 2147483647;
			files = (
				96C3922225DC64570043A1AD /* ProfileCoordinator.swift in Sources */,
				96C1E9B825D19DCF00DC0033 /* Theme+Implementation.swift in Sources */,
				96C3911725DB11AC0043A1AD /* AppTabBarItem.swift in Sources */,
				96C1E98125D0555B00DC0033 /* NewsApiSource.swift in Sources */,
				96C391B725DC2B810043A1AD /* AppRotatedTitle.swift in Sources */,
				96C3922B25DC64ED0043A1AD /* ProfileController.swift in Sources */,
				96C3923725DC65780043A1AD /* FavoriteController.swift in Sources */,
				96C391AD25DC2B350043A1AD /* HomeHeader.swift in Sources */,
				96C1E9AB25D0B60000DC0033 /* FontManager.swift in Sources */,
				96C391D625DC2C610043A1AD /* HomeCollectionViewImageView.swift in Sources */,
				96C391A025DC257E0043A1AD /* HomeCollectionViewCell.swift in Sources */,
				96C391CC25DC2C220043A1AD /* HomeCollectionViewTitle.swift in Sources */,
				96C390FF25DB0FFB0043A1AD /* HomeViewModelType.swift in Sources */,
				96C3916B25DC11240043A1AD /* HomeCollectionViewCellViewDataType.swift in Sources */,
				96C390D225DB0DA40043A1AD /* AppCoordinator.swift in Sources */,
				96C391A825DC2B0F0043A1AD /* HomeTableView.swift in Sources */,
				96C3910F25DB11560043A1AD /* AppTabBar.swift in Sources */,
				96230E7E25CF458D00DA9752 /* Strings.swift in Sources */,
				96C1E9B325D19D6400DC0033 /* Theme.swift in Sources */,
				96C3914E25DB2D290043A1AD /* HomeTableViewCell.swift in Sources */,
				96C390FE25DB0FFB0043A1AD /* HomeViewModel.swift in Sources */,
				96C391B225DC2B550043A1AD /* AppLogo.swift in Sources */,
				96C3910025DB0FFB0043A1AD /* HomeController.swift in Sources */,
				96230E8B25CF481700DA9752 /* AppTabBarController.swift in Sources */,
				96C3918325DC13300043A1AD /* HomeTableViewCellViewDataType.swift in Sources */,
				96C1E9C525D1AAB300DC0033 /* Extensions.swift in Sources */,
				96C1E9C025D1A45600DC0033 /* UI.swift in Sources */,
				96C3910125DB0FFB0043A1AD /* HomeDetailController.swift in Sources */,
				96C391ED25DC52A10043A1AD /* HomeDetailViewModelType.swift in Sources */,
				96C390D325DB0DA40043A1AD /* Coordinator.swift in Sources */,
				96C1E98625D055A300DC0033 /* NewsApiResponse.swift in Sources */,
				96230E0C25CF3C9F00DA9752 /* AppDelegate.swift in Sources */,
				96C3923125DC65260043A1AD /* FavoriteCoodinator.swift in Sources */,
				96C391BC25DC2BAD0043A1AD /* HomeTableViewDragHandle.swift in Sources */,
				96C3921025DC5EF30043A1AD /* AppConfigurableLabel.swift in Sources */,
				96C391D125DC2C3C0043A1AD /* HomeCollectionViewSubtitle.swift in Sources */,
				96C3921C25DC60BD0043A1AD /* SearchController.swift in Sources */,
				96C390BF25DB0D920043A1AD /* ApiClient.swift in Sources */,
				96C3917E25DC131C0043A1AD /* HomeTableViewCellViewData.swift in Sources */,
				96C3921625DC5FFB0043A1AD /* SearchCoordinator.swift in Sources */,
				96C390FD25DB0FFB0043A1AD /* HomeDetailViewModel.swift in Sources */,
				96C1E99D25D06A3200DC0033 /* Helpers.swift in Sources */,
				96C3917025DC11E70043A1AD /* HomeCollectionViewCellViewData.swift in Sources */,
				96C390B725DB0D830043A1AD /* NewsApiService.swift in Sources */,
				96C1E97C25D054CA00DC0033 /* NewsApiArticle.swift in Sources */,
				96C3916325DBFE770043A1AD /* Reachability.swift in Sources */,
				96C3910225DB0FFB0043A1AD /* HomeCoordinator.swift in Sources */,
			);
			runOnlyForDeploymentPostprocessing = 0;
		};
		96230E1A25CF3CA100DA9752 /* Sources */ = {
			isa = PBXSourcesBuildPhase;
			buildActionMask = 2147483647;
			files = (
				96F0687925D481E30035B417 /* RemoteAPIServiceTests.swift in Sources */,
			);
			runOnlyForDeploymentPostprocessing = 0;
		};
		96230E2525CF3CA100DA9752 /* Sources */ = {
			isa = PBXSourcesBuildPhase;
			buildActionMask = 2147483647;
			files = (
				96230E2E25CF3CA100DA9752 /* nfnewsUITests.swift in Sources */,
			);
			runOnlyForDeploymentPostprocessing = 0;
		};
/* End PBXSourcesBuildPhase section */

/* Begin PBXTargetDependency section */
		96230E2025CF3CA100DA9752 /* PBXTargetDependency */ = {
			isa = PBXTargetDependency;
			target = 96230E0725CF3C9F00DA9752 /* nfnews */;
			targetProxy = 96230E1F25CF3CA100DA9752 /* PBXContainerItemProxy */;
		};
		96230E2B25CF3CA100DA9752 /* PBXTargetDependency */ = {
			isa = PBXTargetDependency;
			target = 96230E0725CF3C9F00DA9752 /* nfnews */;
			targetProxy = 96230E2A25CF3CA100DA9752 /* PBXContainerItemProxy */;
		};
/* End PBXTargetDependency section */

/* Begin PBXVariantGroup section */
		96230E1625CF3CA100DA9752 /* LaunchScreen.storyboard */ = {
			isa = PBXVariantGroup;
			children = (
				96230E1725CF3CA100DA9752 /* Base */,
			);
			name = LaunchScreen.storyboard;
			sourceTree = "<group>";
		};
/* End PBXVariantGroup section */

/* Begin XCBuildConfiguration section */
		96230E3025CF3CA100DA9752 /* Debug */ = {
			isa = XCBuildConfiguration;
			buildSettings = {
				ALWAYS_SEARCH_USER_PATHS = NO;
				CLANG_ANALYZER_NONNULL = YES;
				CLANG_ANALYZER_NUMBER_OBJECT_CONVERSION = YES_AGGRESSIVE;
				CLANG_CXX_LANGUAGE_STANDARD = "gnu++14";
				CLANG_CXX_LIBRARY = "libc++";
				CLANG_ENABLE_MODULES = YES;
				CLANG_ENABLE_OBJC_ARC = YES;
				CLANG_ENABLE_OBJC_WEAK = YES;
				CLANG_WARN_BLOCK_CAPTURE_AUTORELEASING = YES;
				CLANG_WARN_BOOL_CONVERSION = YES;
				CLANG_WARN_COMMA = YES;
				CLANG_WARN_CONSTANT_CONVERSION = YES;
				CLANG_WARN_DEPRECATED_OBJC_IMPLEMENTATIONS = YES;
				CLANG_WARN_DIRECT_OBJC_ISA_USAGE = YES_ERROR;
				CLANG_WARN_DOCUMENTATION_COMMENTS = YES;
				CLANG_WARN_EMPTY_BODY = YES;
				CLANG_WARN_ENUM_CONVERSION = YES;
				CLANG_WARN_INFINITE_RECURSION = YES;
				CLANG_WARN_INT_CONVERSION = YES;
				CLANG_WARN_NON_LITERAL_NULL_CONVERSION = YES;
				CLANG_WARN_OBJC_IMPLICIT_RETAIN_SELF = YES;
				CLANG_WARN_OBJC_LITERAL_CONVERSION = YES;
				CLANG_WARN_OBJC_ROOT_CLASS = YES_ERROR;
				CLANG_WARN_QUOTED_INCLUDE_IN_FRAMEWORK_HEADER = YES;
				CLANG_WARN_RANGE_LOOP_ANALYSIS = YES;
				CLANG_WARN_STRICT_PROTOTYPES = YES;
				CLANG_WARN_SUSPICIOUS_MOVE = YES;
				CLANG_WARN_UNGUARDED_AVAILABILITY = YES_AGGRESSIVE;
				CLANG_WARN_UNREACHABLE_CODE = YES;
				CLANG_WARN__DUPLICATE_METHOD_MATCH = YES;
				COPY_PHASE_STRIP = NO;
				DEBUG_INFORMATION_FORMAT = dwarf;
				ENABLE_STRICT_OBJC_MSGSEND = YES;
				ENABLE_TESTABILITY = YES;
				GCC_C_LANGUAGE_STANDARD = gnu11;
				GCC_DYNAMIC_NO_PIC = NO;
				GCC_NO_COMMON_BLOCKS = YES;
				GCC_OPTIMIZATION_LEVEL = 0;
				GCC_PREPROCESSOR_DEFINITIONS = (
					"DEBUG=1",
					"$(inherited)",
				);
				GCC_WARN_64_TO_32_BIT_CONVERSION = YES;
				GCC_WARN_ABOUT_RETURN_TYPE = YES_ERROR;
				GCC_WARN_UNDECLARED_SELECTOR = YES;
				GCC_WARN_UNINITIALIZED_AUTOS = YES_AGGRESSIVE;
				GCC_WARN_UNUSED_FUNCTION = YES;
				GCC_WARN_UNUSED_VARIABLE = YES;
				IPHONEOS_DEPLOYMENT_TARGET = 14.2;
				MTL_ENABLE_DEBUG_INFO = INCLUDE_SOURCE;
				MTL_FAST_MATH = YES;
				ONLY_ACTIVE_ARCH = YES;
				SDKROOT = iphoneos;
				SWIFT_ACTIVE_COMPILATION_CONDITIONS = DEBUG;
				SWIFT_OPTIMIZATION_LEVEL = "-Onone";
			};
			name = Debug;
		};
		96230E3125CF3CA100DA9752 /* Release */ = {
			isa = XCBuildConfiguration;
			buildSettings = {
				ALWAYS_SEARCH_USER_PATHS = NO;
				CLANG_ANALYZER_NONNULL = YES;
				CLANG_ANALYZER_NUMBER_OBJECT_CONVERSION = YES_AGGRESSIVE;
				CLANG_CXX_LANGUAGE_STANDARD = "gnu++14";
				CLANG_CXX_LIBRARY = "libc++";
				CLANG_ENABLE_MODULES = YES;
				CLANG_ENABLE_OBJC_ARC = YES;
				CLANG_ENABLE_OBJC_WEAK = YES;
				CLANG_WARN_BLOCK_CAPTURE_AUTORELEASING = YES;
				CLANG_WARN_BOOL_CONVERSION = YES;
				CLANG_WARN_COMMA = YES;
				CLANG_WARN_CONSTANT_CONVERSION = YES;
				CLANG_WARN_DEPRECATED_OBJC_IMPLEMENTATIONS = YES;
				CLANG_WARN_DIRECT_OBJC_ISA_USAGE = YES_ERROR;
				CLANG_WARN_DOCUMENTATION_COMMENTS = YES;
				CLANG_WARN_EMPTY_BODY = YES;
				CLANG_WARN_ENUM_CONVERSION = YES;
				CLANG_WARN_INFINITE_RECURSION = YES;
				CLANG_WARN_INT_CONVERSION = YES;
				CLANG_WARN_NON_LITERAL_NULL_CONVERSION = YES;
				CLANG_WARN_OBJC_IMPLICIT_RETAIN_SELF = YES;
				CLANG_WARN_OBJC_LITERAL_CONVERSION = YES;
				CLANG_WARN_OBJC_ROOT_CLASS = YES_ERROR;
				CLANG_WARN_QUOTED_INCLUDE_IN_FRAMEWORK_HEADER = YES;
				CLANG_WARN_RANGE_LOOP_ANALYSIS = YES;
				CLANG_WARN_STRICT_PROTOTYPES = YES;
				CLANG_WARN_SUSPICIOUS_MOVE = YES;
				CLANG_WARN_UNGUARDED_AVAILABILITY = YES_AGGRESSIVE;
				CLANG_WARN_UNREACHABLE_CODE = YES;
				CLANG_WARN__DUPLICATE_METHOD_MATCH = YES;
				COPY_PHASE_STRIP = NO;
				DEBUG_INFORMATION_FORMAT = "dwarf-with-dsym";
				ENABLE_NS_ASSERTIONS = NO;
				ENABLE_STRICT_OBJC_MSGSEND = YES;
				GCC_C_LANGUAGE_STANDARD = gnu11;
				GCC_NO_COMMON_BLOCKS = YES;
				GCC_WARN_64_TO_32_BIT_CONVERSION = YES;
				GCC_WARN_ABOUT_RETURN_TYPE = YES_ERROR;
				GCC_WARN_UNDECLARED_SELECTOR = YES;
				GCC_WARN_UNINITIALIZED_AUTOS = YES_AGGRESSIVE;
				GCC_WARN_UNUSED_FUNCTION = YES;
				GCC_WARN_UNUSED_VARIABLE = YES;
				IPHONEOS_DEPLOYMENT_TARGET = 14.2;
				MTL_ENABLE_DEBUG_INFO = NO;
				MTL_FAST_MATH = YES;
				SDKROOT = iphoneos;
				SWIFT_COMPILATION_MODE = wholemodule;
				SWIFT_OPTIMIZATION_LEVEL = "-O";
				VALIDATE_PRODUCT = YES;
			};
			name = Release;
		};
		96230E3325CF3CA100DA9752 /* Debug */ = {
			isa = XCBuildConfiguration;
			buildSettings = {
				ASSETCATALOG_COMPILER_APPICON_NAME = AppIcon;
				ASSETCATALOG_COMPILER_GLOBAL_ACCENT_COLOR_NAME = "";
				CODE_SIGN_STYLE = Automatic;
				DEVELOPMENT_TEAM = 567T5547D4;
				GCC_SYMBOLS_PRIVATE_EXTERN = YES;
				INFOPLIST_FILE = nfnews/Resources/Info.plist;
				IPHONEOS_DEPLOYMENT_TARGET = 11.0;
				LD_RUNPATH_SEARCH_PATHS = (
					"$(inherited)",
					"@executable_path/Frameworks",
				);
				OTHER_LDFLAGS = "";
				PRODUCT_BUNDLE_IDENTIFIER = com.arpinoda.nfnews;
				PRODUCT_NAME = "$(TARGET_NAME)";
				SWIFT_VERSION = 5.0;
				TARGETED_DEVICE_FAMILY = 1;
			};
			name = Debug;
		};
		96230E3425CF3CA100DA9752 /* Release */ = {
			isa = XCBuildConfiguration;
			buildSettings = {
				ASSETCATALOG_COMPILER_APPICON_NAME = AppIcon;
				ASSETCATALOG_COMPILER_GLOBAL_ACCENT_COLOR_NAME = "";
				CODE_SIGN_STYLE = Automatic;
				DEVELOPMENT_TEAM = 567T5547D4;
				GCC_SYMBOLS_PRIVATE_EXTERN = YES;
				INFOPLIST_FILE = nfnews/Resources/Info.plist;
				IPHONEOS_DEPLOYMENT_TARGET = 11.0;
				LD_RUNPATH_SEARCH_PATHS = (
					"$(inherited)",
					"@executable_path/Frameworks",
				);
				OTHER_LDFLAGS = "";
				PRODUCT_BUNDLE_IDENTIFIER = com.arpinoda.nfnews;
				PRODUCT_NAME = "$(TARGET_NAME)";
				SWIFT_VERSION = 5.0;
				TARGETED_DEVICE_FAMILY = 1;
			};
			name = Release;
		};
		96230E3625CF3CA100DA9752 /* Debug */ = {
			isa = XCBuildConfiguration;
			buildSettings = {
				ALWAYS_EMBED_SWIFT_STANDARD_LIBRARIES = YES;
				BUNDLE_LOADER = "$(TEST_HOST)";
				CODE_SIGN_STYLE = Automatic;
				DEVELOPMENT_TEAM = 567T5547D4;
				INFOPLIST_FILE = nfnewsTests/Info.plist;
				IPHONEOS_DEPLOYMENT_TARGET = 14.2;
				LD_RUNPATH_SEARCH_PATHS = (
					"$(inherited)",
					"@executable_path/Frameworks",
					"@loader_path/Frameworks",
				);
				PRODUCT_BUNDLE_IDENTIFIER = com.arpinoda.nfnewsTests;
				PRODUCT_NAME = "$(TARGET_NAME)";
				SWIFT_VERSION = 5.0;
				TARGETED_DEVICE_FAMILY = "1,2";
				TEST_HOST = "$(BUILT_PRODUCTS_DIR)/nfnews.app/nfnews";
			};
			name = Debug;
		};
		96230E3725CF3CA100DA9752 /* Release */ = {
			isa = XCBuildConfiguration;
			buildSettings = {
				ALWAYS_EMBED_SWIFT_STANDARD_LIBRARIES = YES;
				BUNDLE_LOADER = "$(TEST_HOST)";
				CODE_SIGN_STYLE = Automatic;
				DEVELOPMENT_TEAM = 567T5547D4;
				INFOPLIST_FILE = nfnewsTests/Info.plist;
				IPHONEOS_DEPLOYMENT_TARGET = 14.2;
				LD_RUNPATH_SEARCH_PATHS = (
					"$(inherited)",
					"@executable_path/Frameworks",
					"@loader_path/Frameworks",
				);
				PRODUCT_BUNDLE_IDENTIFIER = com.arpinoda.nfnewsTests;
				PRODUCT_NAME = "$(TARGET_NAME)";
				SWIFT_VERSION = 5.0;
				TARGETED_DEVICE_FAMILY = "1,2";
				TEST_HOST = "$(BUILT_PRODUCTS_DIR)/nfnews.app/nfnews";
			};
			name = Release;
		};
		96230E3925CF3CA100DA9752 /* Debug */ = {
			isa = XCBuildConfiguration;
			buildSettings = {
				ALWAYS_EMBED_SWIFT_STANDARD_LIBRARIES = YES;
				CODE_SIGN_STYLE = Automatic;
				DEVELOPMENT_TEAM = 567T5547D4;
				INFOPLIST_FILE = nfnewsUITests/Info.plist;
				LD_RUNPATH_SEARCH_PATHS = (
					"$(inherited)",
					"@executable_path/Frameworks",
					"@loader_path/Frameworks",
				);
				PRODUCT_BUNDLE_IDENTIFIER = com.arpinoda.nfnewsUITests;
				PRODUCT_NAME = "$(TARGET_NAME)";
				SWIFT_VERSION = 5.0;
				TARGETED_DEVICE_FAMILY = "1,2";
				TEST_TARGET_NAME = nfnews;
			};
			name = Debug;
		};
		96230E3A25CF3CA100DA9752 /* Release */ = {
			isa = XCBuildConfiguration;
			buildSettings = {
				ALWAYS_EMBED_SWIFT_STANDARD_LIBRARIES = YES;
				CODE_SIGN_STYLE = Automatic;
				DEVELOPMENT_TEAM = 567T5547D4;
				INFOPLIST_FILE = nfnewsUITests/Info.plist;
				LD_RUNPATH_SEARCH_PATHS = (
					"$(inherited)",
					"@executable_path/Frameworks",
					"@loader_path/Frameworks",
				);
				PRODUCT_BUNDLE_IDENTIFIER = com.arpinoda.nfnewsUITests;
				PRODUCT_NAME = "$(TARGET_NAME)";
				SWIFT_VERSION = 5.0;
				TARGETED_DEVICE_FAMILY = "1,2";
				TEST_TARGET_NAME = nfnews;
			};
			name = Release;
		};
/* End XCBuildConfiguration section */

/* Begin XCConfigurationList section */
		96230E0325CF3C9F00DA9752 /* Build configuration list for PBXProject "nfnews" */ = {
			isa = XCConfigurationList;
			buildConfigurations = (
				96230E3025CF3CA100DA9752 /* Debug */,
				96230E3125CF3CA100DA9752 /* Release */,
			);
			defaultConfigurationIsVisible = 0;
			defaultConfigurationName = Release;
		};
		96230E3225CF3CA100DA9752 /* Build configuration list for PBXNativeTarget "nfnews" */ = {
			isa = XCConfigurationList;
			buildConfigurations = (
				96230E3325CF3CA100DA9752 /* Debug */,
				96230E3425CF3CA100DA9752 /* Release */,
			);
			defaultConfigurationIsVisible = 0;
			defaultConfigurationName = Release;
		};
		96230E3525CF3CA100DA9752 /* Build configuration list for PBXNativeTarget "nfnewsTests" */ = {
			isa = XCConfigurationList;
			buildConfigurations = (
				96230E3625CF3CA100DA9752 /* Debug */,
				96230E3725CF3CA100DA9752 /* Release */,
			);
			defaultConfigurationIsVisible = 0;
			defaultConfigurationName = Release;
		};
		96230E3825CF3CA100DA9752 /* Build configuration list for PBXNativeTarget "nfnewsUITests" */ = {
			isa = XCConfigurationList;
			buildConfigurations = (
				96230E3925CF3CA100DA9752 /* Debug */,
				96230E3A25CF3CA100DA9752 /* Release */,
			);
			defaultConfigurationIsVisible = 0;
			defaultConfigurationName = Release;
		};
/* End XCConfigurationList section */
	};
	rootObject = 96230E0025CF3C9F00DA9752 /* Project object */;
}
